{
  "version": 4,
  "terraform_version": "1.0.4",
  "serial": 215,
  "lineage": "9cd0c130-a86a-9c17-a68e-6805bb5c8842",
  "outputs": {},
  "resources": [
    {
      "mode": "data",
      "type": "aws_availability_zones",
      "name": "elrr-azs",
      "provider": "provider[\"registry.terraform.io/hashicorp/aws\"]",
      "instances": [
        {
          "schema_version": 0,
          "attributes": {
            "all_availability_zones": null,
            "exclude_names": null,
            "exclude_zone_ids": null,
            "filter": null,
            "group_names": [
              "us-east-2"
            ],
            "id": "us-east-2",
            "names": [
              "us-east-2a",
              "us-east-2b",
              "us-east-2c"
            ],
            "state": "available",
            "zone_ids": [
              "use2-az1",
              "use2-az2",
              "use2-az3"
            ]
          },
          "sensitive_attributes": []
        }
      ]
    },
    {
      "mode": "managed",
      "type": "aws_eip",
      "name": "elrr_xapi_gw_eip",
      "provider": "provider[\"registry.terraform.io/hashicorp/aws\"]",
      "instances": [
        {
          "schema_version": 0,
          "attributes": {
            "address": null,
            "allocation_id": null,
            "associate_with_private_ip": null,
            "association_id": "eipassoc-03bacc472b82ec6b6",
            "carrier_ip": "",
            "customer_owned_ip": "",
            "customer_owned_ipv4_pool": "",
            "domain": "vpc",
            "id": "eipalloc-0b41c6f84f696bdd7",
            "instance": "i-0214f56e6e5eda3fe",
            "network_border_group": "us-east-2",
            "network_interface": "eni-03f87c946729cbc88",
            "private_dns": "ip-10-0-6-162.us-east-2.compute.internal",
            "private_ip": "10.0.6.162",
            "public_dns": "ec2-3-141-213-109.us-east-2.compute.amazonaws.com",
            "public_ip": "3.141.213.109",
            "public_ipv4_pool": "amazon",
            "tags": null,
            "tags_all": {},
            "timeouts": null,
            "vpc": true
          },
          "sensitive_attributes": [],
          "private": "eyJlMmJmYjczMC1lY2FhLTExZTYtOGY4OC0zNDM2M2JjN2M0YzAiOnsiZGVsZXRlIjoxODAwMDAwMDAwMDAsInJlYWQiOjkwMDAwMDAwMDAwMCwidXBkYXRlIjozMDAwMDAwMDAwMDB9fQ==",
          "dependencies": [
            "aws_instance.elrr_xapi_gateway",
            "aws_key_pair.elrr_public_kp",
            "aws_security_group.elrr_xapi_gw_sg",
            "aws_subnet.elrr_xapi_gateway_subnet",
            "aws_vpc.elrr_vpc",
            "data.aws_availability_zones.elrr-azs"
          ]
        }
      ]
    },
    {
      "mode": "managed",
      "type": "aws_eip_association",
      "name": "eip_assoc",
      "provider": "provider[\"registry.terraform.io/hashicorp/aws\"]",
      "instances": [
        {
          "schema_version": 0,
          "attributes": {
            "allocation_id": "eipalloc-0b41c6f84f696bdd7",
            "allow_reassociation": null,
            "id": "eipassoc-03bacc472b82ec6b6",
            "instance_id": "i-0214f56e6e5eda3fe",
            "network_interface_id": "eni-03f87c946729cbc88",
            "private_ip_address": "10.0.6.162",
            "public_ip": "3.141.213.109"
          },
          "sensitive_attributes": [],
          "private": "bnVsbA==",
          "dependencies": [
            "aws_eip.elrr_xapi_gw_eip",
            "aws_instance.elrr_xapi_gateway",
            "aws_key_pair.elrr_public_kp",
            "aws_security_group.elrr_xapi_gw_sg",
            "aws_subnet.elrr_xapi_gateway_subnet",
            "aws_vpc.elrr_vpc",
            "data.aws_availability_zones.elrr-azs"
          ]
        }
      ]
    },
    {
      "mode": "managed",
      "type": "aws_instance",
      "name": "elrr_agent1",
      "provider": "provider[\"registry.terraform.io/hashicorp/aws\"]",
      "instances": [
        {
          "schema_version": 1,
          "attributes": {
            "ami": "ami-0b9064170e32bde34",
            "arn": "arn:aws:ec2:us-east-2:452917972716:instance/i-0b017f08f9234e83e",
            "associate_public_ip_address": true,
            "availability_zone": "us-east-2b",
            "capacity_reservation_specification": [
              {
                "capacity_reservation_preference": "open",
                "capacity_reservation_target": []
              }
            ],
            "cpu_core_count": 2,
            "cpu_threads_per_core": 1,
            "credit_specification": [
              {
                "cpu_credits": "standard"
              }
            ],
            "disable_api_termination": false,
            "ebs_block_device": [
              {
                "delete_on_termination": true,
                "device_name": "/dev/sda1",
                "encrypted": false,
                "iops": 100,
                "kms_key_id": "",
                "snapshot_id": "snap-05bc449e542abbf3d",
                "tags": {},
                "throughput": 0,
                "volume_id": "vol-04c2f2d772e86f417",
                "volume_size": 30,
                "volume_type": "gp2"
              }
            ],
            "ebs_optimized": false,
            "enclave_options": [
              {
                "enabled": false
              }
            ],
            "ephemeral_block_device": [],
            "get_password_data": false,
            "hibernation": false,
            "host_id": null,
            "iam_instance_profile": "",
            "id": "i-0b017f08f9234e83e",
            "instance_initiated_shutdown_behavior": "stop",
            "instance_state": "running",
            "instance_type": "t2.medium",
            "ipv6_address_count": 0,
            "ipv6_addresses": [],
            "key_name": "elrr_private_kp",
            "launch_template": [],
            "metadata_options": [
              {
                "http_endpoint": "enabled",
                "http_put_response_hop_limit": 1,
                "http_tokens": "optional"
              }
            ],
            "monitoring": false,
            "network_interface": [],
            "outpost_arn": "",
            "password_data": "",
            "placement_group": "",
            "primary_network_interface_id": "eni-072ccb76c9a33adab",
            "private_dns": "ip-10-0-24-201.us-east-2.compute.internal",
            "private_ip": "10.0.24.201",
            "public_dns": "ec2-18-221-110-169.us-east-2.compute.amazonaws.com",
            "public_ip": "18.221.110.169",
            "root_block_device": [
              {
                "delete_on_termination": true,
                "device_name": "/dev/sda1",
                "encrypted": false,
                "iops": 100,
                "kms_key_id": "",
                "tags": {},
                "throughput": 0,
                "volume_id": "vol-04c2f2d772e86f417",
                "volume_size": 30,
                "volume_type": "gp2"
              }
            ],
            "secondary_private_ips": [],
            "security_groups": [],
            "source_dest_check": true,
            "subnet_id": "subnet-098cba61572a2b63c",
            "tags": {
              "Name": "elrr_agent1"
            },
            "tags_all": {
              "Name": "elrr_agent1"
            },
            "tenancy": "default",
            "timeouts": null,
            "user_data": "dbe30e72f75a6e0fe7fd9ce8edf258f6402a4762",
            "user_data_base64": null,
            "volume_tags": null,
            "vpc_security_group_ids": [
              "sg-05f7774f6c1941c88"
            ]
          },
          "sensitive_attributes": [],
          "private": "eyJlMmJmYjczMC1lY2FhLTExZTYtOGY4OC0zNDM2M2JjN2M0YzAiOnsiY3JlYXRlIjo2MDAwMDAwMDAwMDAsImRlbGV0ZSI6MTIwMDAwMDAwMDAwMCwidXBkYXRlIjo2MDAwMDAwMDAwMDB9LCJzY2hlbWFfdmVyc2lvbiI6IjEifQ==",
          "dependencies": [
            "aws_key_pair.elrr_private_kp",
            "aws_security_group.elrr_agent_sg",
            "aws_subnet.elrr_agent_subnet",
            "aws_vpc.elrr_vpc",
            "data.aws_availability_zones.elrr-azs"
          ]
        }
      ]
    },
    {
      "mode": "managed",
      "type": "aws_instance",
      "name": "elrr_agent2",
      "provider": "provider[\"registry.terraform.io/hashicorp/aws\"]",
      "instances": [
        {
          "schema_version": 1,
          "attributes": {
            "ami": "ami-0b9064170e32bde34",
            "arn": "arn:aws:ec2:us-east-2:452917972716:instance/i-0ea8121bf4a40303d",
            "associate_public_ip_address": true,
            "availability_zone": "us-east-2b",
            "capacity_reservation_specification": [
              {
                "capacity_reservation_preference": "open",
                "capacity_reservation_target": []
              }
            ],
            "cpu_core_count": 2,
            "cpu_threads_per_core": 1,
            "credit_specification": [
              {
                "cpu_credits": "standard"
              }
            ],
            "disable_api_termination": false,
            "ebs_block_device": [
              {
                "delete_on_termination": true,
                "device_name": "/dev/sda1",
                "encrypted": false,
                "iops": 100,
                "kms_key_id": "",
                "snapshot_id": "snap-05bc449e542abbf3d",
                "tags": {},
                "throughput": 0,
                "volume_id": "vol-0981b0d7a9693d478",
                "volume_size": 30,
                "volume_type": "gp2"
              }
            ],
            "ebs_optimized": false,
            "enclave_options": [
              {
                "enabled": false
              }
            ],
            "ephemeral_block_device": [],
            "get_password_data": false,
            "hibernation": false,
            "host_id": null,
            "iam_instance_profile": "",
            "id": "i-0ea8121bf4a40303d",
            "instance_initiated_shutdown_behavior": "stop",
            "instance_state": "running",
            "instance_type": "t2.medium",
            "ipv6_address_count": 0,
            "ipv6_addresses": [],
            "key_name": "elrr_private_kp",
            "launch_template": [],
            "metadata_options": [
              {
                "http_endpoint": "enabled",
                "http_put_response_hop_limit": 1,
                "http_tokens": "optional"
              }
            ],
            "monitoring": false,
            "network_interface": [],
            "outpost_arn": "",
            "password_data": "",
            "placement_group": "",
            "primary_network_interface_id": "eni-0bc80fd4f6574a6e9",
            "private_dns": "ip-10-0-24-199.us-east-2.compute.internal",
            "private_ip": "10.0.24.199",
            "public_dns": "ec2-3-21-233-243.us-east-2.compute.amazonaws.com",
            "public_ip": "3.21.233.243",
            "root_block_device": [
              {
                "delete_on_termination": true,
                "device_name": "/dev/sda1",
                "encrypted": false,
                "iops": 100,
                "kms_key_id": "",
                "tags": {},
                "throughput": 0,
                "volume_id": "vol-0981b0d7a9693d478",
                "volume_size": 30,
                "volume_type": "gp2"
              }
            ],
            "secondary_private_ips": [],
            "security_groups": [],
            "source_dest_check": true,
            "subnet_id": "subnet-098cba61572a2b63c",
            "tags": {
              "Name": "elrr_agent2"
            },
            "tags_all": {
              "Name": "elrr_agent2"
            },
            "tenancy": "default",
            "timeouts": null,
            "user_data": "dbe30e72f75a6e0fe7fd9ce8edf258f6402a4762",
            "user_data_base64": null,
            "volume_tags": null,
            "vpc_security_group_ids": [
              "sg-05f7774f6c1941c88"
            ]
          },
          "sensitive_attributes": [],
          "private": "eyJlMmJmYjczMC1lY2FhLTExZTYtOGY4OC0zNDM2M2JjN2M0YzAiOnsiY3JlYXRlIjo2MDAwMDAwMDAwMDAsImRlbGV0ZSI6MTIwMDAwMDAwMDAwMCwidXBkYXRlIjo2MDAwMDAwMDAwMDB9LCJzY2hlbWFfdmVyc2lvbiI6IjEifQ==",
          "dependencies": [
            "aws_key_pair.elrr_private_kp",
            "aws_security_group.elrr_agent_sg",
            "aws_subnet.elrr_agent_subnet",
            "aws_vpc.elrr_vpc",
            "data.aws_availability_zones.elrr-azs"
          ]
        }
      ]
    },
    {
      "mode": "managed",
      "type": "aws_instance",
      "name": "elrr_agent3",
      "provider": "provider[\"registry.terraform.io/hashicorp/aws\"]",
      "instances": [
        {
          "schema_version": 1,
          "attributes": {
            "ami": "ami-0b9064170e32bde34",
            "arn": "arn:aws:ec2:us-east-2:452917972716:instance/i-0daf115c5050ecf02",
            "associate_public_ip_address": true,
            "availability_zone": "us-east-2b",
            "capacity_reservation_specification": [
              {
                "capacity_reservation_preference": "open",
                "capacity_reservation_target": []
              }
            ],
            "cpu_core_count": 2,
            "cpu_threads_per_core": 1,
            "credit_specification": [
              {
                "cpu_credits": "standard"
              }
            ],
            "disable_api_termination": false,
            "ebs_block_device": [
              {
                "delete_on_termination": true,
                "device_name": "/dev/sda1",
                "encrypted": false,
                "iops": 100,
                "kms_key_id": "",
                "snapshot_id": "snap-05bc449e542abbf3d",
                "tags": {},
                "throughput": 0,
                "volume_id": "vol-0ba5f0837e920f744",
                "volume_size": 30,
                "volume_type": "gp2"
              }
            ],
            "ebs_optimized": false,
            "enclave_options": [
              {
                "enabled": false
              }
            ],
            "ephemeral_block_device": [],
            "get_password_data": false,
            "hibernation": false,
            "host_id": null,
            "iam_instance_profile": "",
            "id": "i-0daf115c5050ecf02",
            "instance_initiated_shutdown_behavior": "stop",
            "instance_state": "running",
            "instance_type": "t2.medium",
            "ipv6_address_count": 0,
            "ipv6_addresses": [],
            "key_name": "elrr_private_kp",
            "launch_template": [],
            "metadata_options": [
              {
                "http_endpoint": "enabled",
                "http_put_response_hop_limit": 1,
                "http_tokens": "optional"
              }
            ],
            "monitoring": false,
            "network_interface": [],
            "outpost_arn": "",
            "password_data": "",
            "placement_group": "",
            "primary_network_interface_id": "eni-0c54d42452542beb4",
            "private_dns": "ip-10-0-24-217.us-east-2.compute.internal",
            "private_ip": "10.0.24.217",
            "public_dns": "ec2-18-216-116-212.us-east-2.compute.amazonaws.com",
            "public_ip": "18.216.116.212",
            "root_block_device": [
              {
                "delete_on_termination": true,
                "device_name": "/dev/sda1",
                "encrypted": false,
                "iops": 100,
                "kms_key_id": "",
                "tags": {},
                "throughput": 0,
                "volume_id": "vol-0ba5f0837e920f744",
                "volume_size": 30,
                "volume_type": "gp2"
              }
            ],
            "secondary_private_ips": [],
            "security_groups": [],
            "source_dest_check": true,
            "subnet_id": "subnet-098cba61572a2b63c",
            "tags": {
              "Name": "elrr_agent3"
            },
            "tags_all": {
              "Name": "elrr_agent3"
            },
            "tenancy": "default",
            "timeouts": null,
            "user_data": "dbe30e72f75a6e0fe7fd9ce8edf258f6402a4762",
            "user_data_base64": null,
            "volume_tags": null,
            "vpc_security_group_ids": [
              "sg-05f7774f6c1941c88"
            ]
          },
          "sensitive_attributes": [],
          "private": "eyJlMmJmYjczMC1lY2FhLTExZTYtOGY4OC0zNDM2M2JjN2M0YzAiOnsiY3JlYXRlIjo2MDAwMDAwMDAwMDAsImRlbGV0ZSI6MTIwMDAwMDAwMDAwMCwidXBkYXRlIjo2MDAwMDAwMDAwMDB9LCJzY2hlbWFfdmVyc2lvbiI6IjEifQ==",
          "dependencies": [
            "aws_key_pair.elrr_private_kp",
            "aws_security_group.elrr_agent_sg",
            "aws_subnet.elrr_agent_subnet",
            "aws_vpc.elrr_vpc",
            "data.aws_availability_zones.elrr-azs"
          ]
        }
      ]
    },
    {
      "mode": "managed",
      "type": "aws_instance",
      "name": "elrr_agent4",
      "provider": "provider[\"registry.terraform.io/hashicorp/aws\"]",
      "instances": [
        {
          "schema_version": 1,
          "attributes": {
            "ami": "ami-0b9064170e32bde34",
            "arn": "arn:aws:ec2:us-east-2:452917972716:instance/i-0833b350c476d1e0d",
            "associate_public_ip_address": true,
            "availability_zone": "us-east-2b",
            "capacity_reservation_specification": [
              {
                "capacity_reservation_preference": "open",
                "capacity_reservation_target": []
              }
            ],
            "cpu_core_count": 2,
            "cpu_threads_per_core": 1,
            "credit_specification": [
              {
                "cpu_credits": "standard"
              }
            ],
            "disable_api_termination": false,
            "ebs_block_device": [
              {
                "delete_on_termination": true,
                "device_name": "/dev/sda1",
                "encrypted": false,
                "iops": 100,
                "kms_key_id": "",
                "snapshot_id": "snap-05bc449e542abbf3d",
                "tags": {},
                "throughput": 0,
                "volume_id": "vol-091207256b339403a",
                "volume_size": 30,
                "volume_type": "gp2"
              }
            ],
            "ebs_optimized": false,
            "enclave_options": [
              {
                "enabled": false
              }
            ],
            "ephemeral_block_device": [],
            "get_password_data": false,
            "hibernation": false,
            "host_id": null,
            "iam_instance_profile": "",
            "id": "i-0833b350c476d1e0d",
            "instance_initiated_shutdown_behavior": "stop",
            "instance_state": "running",
            "instance_type": "t2.medium",
            "ipv6_address_count": 0,
            "ipv6_addresses": [],
            "key_name": "elrr_private_kp",
            "launch_template": [],
            "metadata_options": [
              {
                "http_endpoint": "enabled",
                "http_put_response_hop_limit": 1,
                "http_tokens": "optional"
              }
            ],
            "monitoring": false,
            "network_interface": [],
            "outpost_arn": "",
            "password_data": "",
            "placement_group": "",
            "primary_network_interface_id": "eni-0a35b249f138429f6",
            "private_dns": "ip-10-0-24-121.us-east-2.compute.internal",
            "private_ip": "10.0.24.121",
            "public_dns": "ec2-18-117-255-222.us-east-2.compute.amazonaws.com",
            "public_ip": "18.117.255.222",
            "root_block_device": [
              {
                "delete_on_termination": true,
                "device_name": "/dev/sda1",
                "encrypted": false,
                "iops": 100,
                "kms_key_id": "",
                "tags": {},
                "throughput": 0,
                "volume_id": "vol-091207256b339403a",
                "volume_size": 30,
                "volume_type": "gp2"
              }
            ],
            "secondary_private_ips": [],
            "security_groups": [],
            "source_dest_check": true,
            "subnet_id": "subnet-098cba61572a2b63c",
            "tags": {
              "Name": "elrr_agent4"
            },
            "tags_all": {
              "Name": "elrr_agent4"
            },
            "tenancy": "default",
            "timeouts": null,
            "user_data": "dbe30e72f75a6e0fe7fd9ce8edf258f6402a4762",
            "user_data_base64": null,
            "volume_tags": null,
            "vpc_security_group_ids": [
              "sg-05f7774f6c1941c88"
            ]
          },
          "sensitive_attributes": [],
          "private": "eyJlMmJmYjczMC1lY2FhLTExZTYtOGY4OC0zNDM2M2JjN2M0YzAiOnsiY3JlYXRlIjo2MDAwMDAwMDAwMDAsImRlbGV0ZSI6MTIwMDAwMDAwMDAwMCwidXBkYXRlIjo2MDAwMDAwMDAwMDB9LCJzY2hlbWFfdmVyc2lvbiI6IjEifQ==",
          "dependencies": [
            "aws_key_pair.elrr_private_kp",
            "aws_security_group.elrr_agent_sg",
            "aws_subnet.elrr_agent_subnet",
            "aws_vpc.elrr_vpc",
            "data.aws_availability_zones.elrr-azs"
          ]
        }
      ]
    },
    {
      "mode": "managed",
      "type": "aws_instance",
      "name": "elrr_auth",
      "provider": "provider[\"registry.terraform.io/hashicorp/aws\"]",
      "instances": [
        {
          "schema_version": 1,
          "attributes": {
            "ami": "ami-0b9064170e32bde34",
            "arn": "arn:aws:ec2:us-east-2:452917972716:instance/i-01116c3504c10195c",
            "associate_public_ip_address": true,
            "availability_zone": "us-east-2b",
            "capacity_reservation_specification": [
              {
                "capacity_reservation_preference": "open",
                "capacity_reservation_target": []
              }
            ],
            "cpu_core_count": 2,
            "cpu_threads_per_core": 1,
            "credit_specification": [
              {
                "cpu_credits": "standard"
              }
            ],
            "disable_api_termination": false,
            "ebs_block_device": [
              {
                "delete_on_termination": true,
                "device_name": "/dev/sda1",
                "encrypted": false,
                "iops": 100,
                "kms_key_id": "",
                "snapshot_id": "snap-05bc449e542abbf3d",
                "tags": {},
                "throughput": 0,
                "volume_id": "vol-0acec4e695ab49671",
                "volume_size": 30,
                "volume_type": "gp2"
              }
            ],
            "ebs_optimized": false,
            "enclave_options": [
              {
                "enabled": false
              }
            ],
            "ephemeral_block_device": [],
            "get_password_data": false,
            "hibernation": false,
            "host_id": null,
            "iam_instance_profile": "",
            "id": "i-01116c3504c10195c",
            "instance_initiated_shutdown_behavior": "stop",
            "instance_state": "running",
            "instance_type": "t2.medium",
            "ipv6_address_count": 0,
            "ipv6_addresses": [],
            "key_name": "elrr_public_kp",
            "launch_template": [],
            "metadata_options": [
              {
                "http_endpoint": "enabled",
                "http_put_response_hop_limit": 1,
                "http_tokens": "optional"
              }
            ],
            "monitoring": false,
            "network_interface": [],
            "outpost_arn": "",
            "password_data": "",
            "placement_group": "",
            "primary_network_interface_id": "eni-04a127d3c28385290",
            "private_dns": "ip-10-0-12-88.us-east-2.compute.internal",
            "private_ip": "10.0.12.88",
            "public_dns": "ec2-18-188-243-167.us-east-2.compute.amazonaws.com",
            "public_ip": "18.188.243.167",
            "root_block_device": [
              {
                "delete_on_termination": true,
                "device_name": "/dev/sda1",
                "encrypted": false,
                "iops": 100,
                "kms_key_id": "",
                "tags": {},
                "throughput": 0,
                "volume_id": "vol-0acec4e695ab49671",
                "volume_size": 30,
                "volume_type": "gp2"
              }
            ],
            "secondary_private_ips": [],
            "security_groups": [],
            "source_dest_check": true,
            "subnet_id": "subnet-0f586a73d7c3dabb9",
            "tags": {
              "Name": "elrr_auth"
            },
            "tags_all": {
              "Name": "elrr_auth"
            },
            "tenancy": "default",
            "timeouts": null,
            "user_data": "dbe30e72f75a6e0fe7fd9ce8edf258f6402a4762",
            "user_data_base64": null,
            "volume_tags": null,
            "vpc_security_group_ids": [
              "sg-09647e957d99df9e7"
            ]
          },
          "sensitive_attributes": [],
          "private": "eyJlMmJmYjczMC1lY2FhLTExZTYtOGY4OC0zNDM2M2JjN2M0YzAiOnsiY3JlYXRlIjo2MDAwMDAwMDAwMDAsImRlbGV0ZSI6MTIwMDAwMDAwMDAwMCwidXBkYXRlIjo2MDAwMDAwMDAwMDB9LCJzY2hlbWFfdmVyc2lvbiI6IjEifQ==",
          "dependencies": [
            "aws_key_pair.elrr_public_kp",
            "aws_security_group.elrr_auth_sg",
            "aws_subnet.elrr_auth_subnet",
            "aws_vpc.elrr_vpc",
            "data.aws_availability_zones.elrr-azs"
          ]
        }
      ]
    },
    {
      "mode": "managed",
      "type": "aws_instance",
      "name": "elrr_datasim",
      "provider": "provider[\"registry.terraform.io/hashicorp/aws\"]",
      "instances": [
        {
          "schema_version": 1,
          "attributes": {
            "ami": "ami-0b9064170e32bde34",
            "arn": "arn:aws:ec2:us-east-2:452917972716:instance/i-00e401fd55edbd264",
            "associate_public_ip_address": true,
            "availability_zone": "us-east-2b",
            "capacity_reservation_specification": [
              {
                "capacity_reservation_preference": "open",
                "capacity_reservation_target": []
              }
            ],
            "cpu_core_count": 1,
            "cpu_threads_per_core": 1,
            "credit_specification": [
              {
                "cpu_credits": "standard"
              }
            ],
            "disable_api_termination": false,
            "ebs_block_device": [
              {
                "delete_on_termination": true,
                "device_name": "/dev/sda1",
                "encrypted": false,
                "iops": 100,
                "kms_key_id": "",
                "snapshot_id": "snap-05bc449e542abbf3d",
                "tags": {},
                "throughput": 0,
                "volume_id": "vol-0e7c05648a5a486b8",
                "volume_size": 20,
                "volume_type": "gp2"
              }
            ],
            "ebs_optimized": false,
            "enclave_options": [
              {
                "enabled": false
              }
            ],
            "ephemeral_block_device": [],
            "get_password_data": false,
            "hibernation": false,
            "host_id": null,
            "iam_instance_profile": "",
            "id": "i-00e401fd55edbd264",
            "instance_initiated_shutdown_behavior": "stop",
            "instance_state": "running",
            "instance_type": "t2.small",
            "ipv6_address_count": 0,
            "ipv6_addresses": [],
            "key_name": "elrr_public_kp",
            "launch_template": [],
            "metadata_options": [
              {
                "http_endpoint": "enabled",
                "http_put_response_hop_limit": 1,
                "http_tokens": "optional"
              }
            ],
            "monitoring": false,
            "network_interface": [],
            "outpost_arn": "",
            "password_data": "",
            "placement_group": "",
            "primary_network_interface_id": "eni-03f1975ada34cc759",
            "private_dns": "ip-10-0-28-126.us-east-2.compute.internal",
            "private_ip": "10.0.28.126",
            "public_dns": "ec2-3-16-41-143.us-east-2.compute.amazonaws.com",
            "public_ip": "3.16.41.143",
            "root_block_device": [
              {
                "delete_on_termination": true,
                "device_name": "/dev/sda1",
                "encrypted": false,
                "iops": 100,
                "kms_key_id": "",
                "tags": {},
                "throughput": 0,
                "volume_id": "vol-0e7c05648a5a486b8",
                "volume_size": 20,
                "volume_type": "gp2"
              }
            ],
            "secondary_private_ips": [],
            "security_groups": [],
            "source_dest_check": true,
            "subnet_id": "subnet-05110c023ed4324a9",
            "tags": {
              "Name": "elrr_datasim"
            },
            "tags_all": {
              "Name": "elrr_datasim"
            },
            "tenancy": "default",
            "timeouts": null,
            "user_data": "2e7ffe21fe51ed87d20d4ad5e3ac54a2a563426b",
            "user_data_base64": null,
            "volume_tags": null,
            "vpc_security_group_ids": [
              "sg-0b681fc9f76cb1ec9"
            ]
          },
          "sensitive_attributes": [],
          "private": "eyJlMmJmYjczMC1lY2FhLTExZTYtOGY4OC0zNDM2M2JjN2M0YzAiOnsiY3JlYXRlIjo2MDAwMDAwMDAwMDAsImRlbGV0ZSI6MTIwMDAwMDAwMDAwMCwidXBkYXRlIjo2MDAwMDAwMDAwMDB9LCJzY2hlbWFfdmVyc2lvbiI6IjEifQ==",
          "dependencies": [
            "aws_key_pair.elrr_public_kp",
            "aws_security_group.elrr_datasim_sg",
            "aws_subnet.elrr_datasim_subnet",
            "aws_vpc.elrr_vpc",
            "data.aws_availability_zones.elrr-azs"
          ]
        }
      ]
    },
    {
      "mode": "managed",
      "type": "aws_instance",
      "name": "elrr_kafka",
      "provider": "provider[\"registry.terraform.io/hashicorp/aws\"]",
      "instances": [
        {
          "schema_version": 1,
          "attributes": {
            "ami": "ami-0b9064170e32bde34",
            "arn": "arn:aws:ec2:us-east-2:452917972716:instance/i-033253e98fc08b310",
            "associate_public_ip_address": true,
            "availability_zone": "us-east-2b",
            "capacity_reservation_specification": [
              {
                "capacity_reservation_preference": "open",
                "capacity_reservation_target": []
              }
            ],
            "cpu_core_count": 2,
            "cpu_threads_per_core": 1,
            "credit_specification": [
              {
                "cpu_credits": "standard"
              }
            ],
            "disable_api_termination": false,
            "ebs_block_device": [
              {
                "delete_on_termination": true,
                "device_name": "/dev/sda1",
                "encrypted": false,
                "iops": 100,
                "kms_key_id": "",
                "snapshot_id": "snap-05bc449e542abbf3d",
                "tags": {},
                "throughput": 0,
                "volume_id": "vol-02df4061c80540b9b",
                "volume_size": 30,
                "volume_type": "gp2"
              }
            ],
            "ebs_optimized": false,
            "enclave_options": [
              {
                "enabled": false
              }
            ],
            "ephemeral_block_device": [],
            "get_password_data": false,
            "hibernation": false,
            "host_id": null,
            "iam_instance_profile": "",
            "id": "i-033253e98fc08b310",
            "instance_initiated_shutdown_behavior": "stop",
            "instance_state": "running",
            "instance_type": "t2.medium",
            "ipv6_address_count": 0,
            "ipv6_addresses": [],
            "key_name": "elrr_private_kp",
            "launch_template": [],
            "metadata_options": [
              {
                "http_endpoint": "enabled",
                "http_put_response_hop_limit": 1,
                "http_tokens": "optional"
              }
            ],
            "monitoring": false,
            "network_interface": [],
            "outpost_arn": "",
            "password_data": "",
            "placement_group": "",
            "primary_network_interface_id": "eni-06265d11fe386b043",
            "private_dns": "ip-10-0-20-235.us-east-2.compute.internal",
            "private_ip": "10.0.20.235",
            "public_dns": "ec2-3-141-10-127.us-east-2.compute.amazonaws.com",
            "public_ip": "3.141.10.127",
            "root_block_device": [
              {
                "delete_on_termination": true,
                "device_name": "/dev/sda1",
                "encrypted": false,
                "iops": 100,
                "kms_key_id": "",
                "tags": {},
                "throughput": 0,
                "volume_id": "vol-02df4061c80540b9b",
                "volume_size": 30,
                "volume_type": "gp2"
              }
            ],
            "secondary_private_ips": [],
            "security_groups": [],
            "source_dest_check": true,
            "subnet_id": "subnet-085cecf3e49bd5d37",
            "tags": {
              "Name": "elrr_kafka"
            },
            "tags_all": {
              "Name": "elrr_kafka"
            },
            "tenancy": "default",
            "timeouts": null,
            "user_data": "4f37fafdfc1dd514f72e0619022163c6e6c0e9dd",
            "user_data_base64": null,
            "volume_tags": null,
            "vpc_security_group_ids": [
              "sg-0481829ae4b28bf09"
            ]
          },
          "sensitive_attributes": [],
          "private": "eyJlMmJmYjczMC1lY2FhLTExZTYtOGY4OC0zNDM2M2JjN2M0YzAiOnsiY3JlYXRlIjo2MDAwMDAwMDAwMDAsImRlbGV0ZSI6MTIwMDAwMDAwMDAwMCwidXBkYXRlIjo2MDAwMDAwMDAwMDB9LCJzY2hlbWFfdmVyc2lvbiI6IjEifQ==",
          "dependencies": [
            "aws_key_pair.elrr_private_kp",
            "aws_security_group.elrr_kafka_sg",
            "aws_subnet.elrr_kafka_subnet",
            "aws_vpc.elrr_vpc",
            "data.aws_availability_zones.elrr-azs"
          ]
        }
      ]
    },
    {
      "mode": "managed",
      "type": "aws_instance",
      "name": "elrr_local_staging",
      "provider": "provider[\"registry.terraform.io/hashicorp/aws\"]",
      "instances": [
        {
          "schema_version": 1,
          "attributes": {
            "ami": "ami-0b9064170e32bde34",
            "arn": "arn:aws:ec2:us-east-2:452917972716:instance/i-0aa26b3f288017e0f",
            "associate_public_ip_address": true,
            "availability_zone": "us-east-2b",
            "capacity_reservation_specification": [
              {
                "capacity_reservation_preference": "open",
                "capacity_reservation_target": []
              }
            ],
            "cpu_core_count": 2,
            "cpu_threads_per_core": 1,
            "credit_specification": [
              {
                "cpu_credits": "standard"
              }
            ],
            "disable_api_termination": false,
            "ebs_block_device": [
              {
                "delete_on_termination": true,
                "device_name": "/dev/sda1",
                "encrypted": false,
                "iops": 100,
                "kms_key_id": "",
                "snapshot_id": "snap-05bc449e542abbf3d",
                "tags": {},
                "throughput": 0,
                "volume_id": "vol-0962b47e0b7f40b65",
                "volume_size": 30,
                "volume_type": "gp2"
              }
            ],
            "ebs_optimized": false,
            "enclave_options": [
              {
                "enabled": false
              }
            ],
            "ephemeral_block_device": [],
            "get_password_data": false,
            "hibernation": false,
            "host_id": null,
            "iam_instance_profile": "",
            "id": "i-0aa26b3f288017e0f",
            "instance_initiated_shutdown_behavior": "stop",
            "instance_state": "running",
            "instance_type": "t2.medium",
            "ipv6_address_count": 0,
            "ipv6_addresses": [],
            "key_name": "elrr_private_kp",
            "launch_template": [],
            "metadata_options": [
              {
                "http_endpoint": "enabled",
                "http_put_response_hop_limit": 1,
                "http_tokens": "optional"
              }
            ],
            "monitoring": false,
            "network_interface": [],
            "outpost_arn": "",
            "password_data": "",
            "placement_group": "",
            "primary_network_interface_id": "eni-0081b89cfb3aa373a",
            "private_dns": "ip-10-0-2-31.us-east-2.compute.internal",
            "private_ip": "10.0.2.31",
            "public_dns": "ec2-3-17-138-194.us-east-2.compute.amazonaws.com",
            "public_ip": "3.17.138.194",
            "root_block_device": [
              {
                "delete_on_termination": true,
                "device_name": "/dev/sda1",
                "encrypted": false,
                "iops": 100,
                "kms_key_id": "",
                "tags": {},
                "throughput": 0,
                "volume_id": "vol-0962b47e0b7f40b65",
                "volume_size": 30,
                "volume_type": "gp2"
              }
            ],
            "secondary_private_ips": [],
            "security_groups": [],
            "source_dest_check": true,
            "subnet_id": "subnet-0d6c2d5b29033d1c8",
            "tags": {
              "Name": "elrr_local_staging"
            },
            "tags_all": {
              "Name": "elrr_local_staging"
            },
            "tenancy": "default",
            "timeouts": null,
            "user_data": "dbe30e72f75a6e0fe7fd9ce8edf258f6402a4762",
            "user_data_base64": null,
            "volume_tags": null,
            "vpc_security_group_ids": [
              "sg-044ac73703f4b8fea"
            ]
          },
          "sensitive_attributes": [],
          "private": "eyJlMmJmYjczMC1lY2FhLTExZTYtOGY4OC0zNDM2M2JjN2M0YzAiOnsiY3JlYXRlIjo2MDAwMDAwMDAwMDAsImRlbGV0ZSI6MTIwMDAwMDAwMDAwMCwidXBkYXRlIjo2MDAwMDAwMDAwMDB9LCJzY2hlbWFfdmVyc2lvbiI6IjEifQ==",
          "dependencies": [
            "aws_key_pair.elrr_private_kp",
            "aws_security_group.elrr_local_staging_sg",
            "aws_subnet.elrr_local_staging_subnet",
            "aws_vpc.elrr_vpc",
            "data.aws_availability_zones.elrr-azs"
          ]
        }
      ]
    },
    {
      "mode": "managed",
      "type": "aws_instance",
      "name": "elrr_portal",
      "provider": "provider[\"registry.terraform.io/hashicorp/aws\"]",
      "instances": [
        {
          "schema_version": 1,
          "attributes": {
            "ami": "ami-0b9064170e32bde34",
            "arn": "arn:aws:ec2:us-east-2:452917972716:instance/i-0e71fc654e9b4f72a",
            "associate_public_ip_address": true,
            "availability_zone": "us-east-2b",
            "capacity_reservation_specification": [
              {
                "capacity_reservation_preference": "open",
                "capacity_reservation_target": []
              }
            ],
            "cpu_core_count": 2,
            "cpu_threads_per_core": 1,
            "credit_specification": [
              {
                "cpu_credits": "standard"
              }
            ],
            "disable_api_termination": false,
            "ebs_block_device": [
              {
                "delete_on_termination": true,
                "device_name": "/dev/sda1",
                "encrypted": false,
                "iops": 100,
                "kms_key_id": "",
                "snapshot_id": "snap-05bc449e542abbf3d",
                "tags": {},
                "throughput": 0,
                "volume_id": "vol-0e917a0f5ca2d8004",
                "volume_size": 30,
                "volume_type": "gp2"
              }
            ],
            "ebs_optimized": false,
            "enclave_options": [
              {
                "enabled": false
              }
            ],
            "ephemeral_block_device": [],
            "get_password_data": false,
            "hibernation": false,
            "host_id": null,
            "iam_instance_profile": "",
            "id": "i-0e71fc654e9b4f72a",
            "instance_initiated_shutdown_behavior": "stop",
            "instance_state": "running",
            "instance_type": "t2.medium",
            "ipv6_address_count": 0,
            "ipv6_addresses": [],
            "key_name": "elrr_public_kp",
            "launch_template": [],
            "metadata_options": [
              {
                "http_endpoint": "enabled",
                "http_put_response_hop_limit": 1,
                "http_tokens": "optional"
              }
            ],
            "monitoring": false,
            "network_interface": [],
            "outpost_arn": "",
            "password_data": "",
            "placement_group": "",
            "primary_network_interface_id": "eni-0befb0955f1d1351e",
            "private_dns": "ip-10-0-12-169.us-east-2.compute.internal",
            "private_ip": "10.0.12.169",
            "public_dns": "ec2-3-16-138-209.us-east-2.compute.amazonaws.com",
            "public_ip": "3.16.138.209",
            "root_block_device": [
              {
                "delete_on_termination": true,
                "device_name": "/dev/sda1",
                "encrypted": false,
                "iops": 100,
                "kms_key_id": "",
                "tags": {},
                "throughput": 0,
                "volume_id": "vol-0e917a0f5ca2d8004",
                "volume_size": 30,
                "volume_type": "gp2"
              }
            ],
            "secondary_private_ips": [],
            "security_groups": [],
            "source_dest_check": true,
            "subnet_id": "subnet-0f586a73d7c3dabb9",
            "tags": {
              "Name": "elrr_portal"
            },
            "tags_all": {
              "Name": "elrr_portal"
            },
            "tenancy": "default",
            "timeouts": null,
            "user_data": "a45b0f272fd8c8ad93750fe005d4fc52d22e9f64",
            "user_data_base64": null,
            "volume_tags": null,
            "vpc_security_group_ids": [
              "sg-0e9fd3b0f8393d0cc"
            ]
          },
          "sensitive_attributes": [],
          "private": "eyJlMmJmYjczMC1lY2FhLTExZTYtOGY4OC0zNDM2M2JjN2M0YzAiOnsiY3JlYXRlIjo2MDAwMDAwMDAwMDAsImRlbGV0ZSI6MTIwMDAwMDAwMDAwMCwidXBkYXRlIjo2MDAwMDAwMDAwMDB9LCJzY2hlbWFfdmVyc2lvbiI6IjEifQ==",
          "dependencies": [
            "aws_key_pair.elrr_public_kp",
            "aws_security_group.elrr_portal_sg",
            "aws_subnet.elrr_auth_subnet",
            "aws_vpc.elrr_vpc",
            "data.aws_availability_zones.elrr-azs"
          ]
        }
      ]
    },
    {
      "mode": "managed",
      "type": "aws_instance",
      "name": "elrr_storage",
      "provider": "provider[\"registry.terraform.io/hashicorp/aws\"]",
      "instances": [
        {
          "schema_version": 1,
          "attributes": {
            "ami": "ami-0b9064170e32bde34",
            "arn": "arn:aws:ec2:us-east-2:452917972716:instance/i-06dd01fabd9ed183b",
            "associate_public_ip_address": true,
            "availability_zone": "us-east-2b",
            "capacity_reservation_specification": [
              {
                "capacity_reservation_preference": "open",
                "capacity_reservation_target": []
              }
            ],
            "cpu_core_count": 2,
            "cpu_threads_per_core": 1,
            "credit_specification": [
              {
                "cpu_credits": "standard"
              }
            ],
            "disable_api_termination": false,
            "ebs_block_device": [
              {
                "delete_on_termination": true,
                "device_name": "/dev/sda1",
                "encrypted": false,
                "iops": 100,
                "kms_key_id": "",
                "snapshot_id": "snap-05bc449e542abbf3d",
                "tags": {},
                "throughput": 0,
                "volume_id": "vol-07461df8ed0bc0160",
                "volume_size": 30,
                "volume_type": "gp2"
              }
            ],
            "ebs_optimized": false,
            "enclave_options": [
              {
                "enabled": false
              }
            ],
            "ephemeral_block_device": [],
            "get_password_data": false,
            "hibernation": false,
            "host_id": null,
            "iam_instance_profile": "",
            "id": "i-06dd01fabd9ed183b",
            "instance_initiated_shutdown_behavior": "stop",
            "instance_state": "running",
            "instance_type": "t2.medium",
            "ipv6_address_count": 0,
            "ipv6_addresses": [],
            "key_name": "elrr_private_kp",
            "launch_template": [],
            "metadata_options": [
              {
                "http_endpoint": "enabled",
                "http_put_response_hop_limit": 1,
                "http_tokens": "optional"
              }
            ],
            "monitoring": false,
            "network_interface": [],
            "outpost_arn": "",
            "password_data": "",
            "placement_group": "",
            "primary_network_interface_id": "eni-0ed1874933fe16ca0",
            "private_dns": "ip-10-0-8-118.us-east-2.compute.internal",
            "private_ip": "10.0.8.118",
            "public_dns": "ec2-13-58-10-209.us-east-2.compute.amazonaws.com",
            "public_ip": "13.58.10.209",
            "root_block_device": [
              {
                "delete_on_termination": true,
                "device_name": "/dev/sda1",
                "encrypted": false,
                "iops": 100,
                "kms_key_id": "",
                "tags": {},
                "throughput": 0,
                "volume_id": "vol-07461df8ed0bc0160",
                "volume_size": 30,
                "volume_type": "gp2"
              }
            ],
            "secondary_private_ips": [],
            "security_groups": [],
            "source_dest_check": true,
            "subnet_id": "subnet-02ed50230504e4cc5",
            "tags": {
              "Name": "elrr_storage"
            },
            "tags_all": {
              "Name": "elrr_storage"
            },
            "tenancy": "default",
            "timeouts": null,
            "user_data": "dbe30e72f75a6e0fe7fd9ce8edf258f6402a4762",
            "user_data_base64": null,
            "volume_tags": null,
            "vpc_security_group_ids": [
              "sg-0fc522a3c5e2268ef"
            ]
          },
          "sensitive_attributes": [],
          "private": "eyJlMmJmYjczMC1lY2FhLTExZTYtOGY4OC0zNDM2M2JjN2M0YzAiOnsiY3JlYXRlIjo2MDAwMDAwMDAwMDAsImRlbGV0ZSI6MTIwMDAwMDAwMDAwMCwidXBkYXRlIjo2MDAwMDAwMDAwMDB9LCJzY2hlbWFfdmVyc2lvbiI6IjEifQ==",
          "dependencies": [
            "aws_key_pair.elrr_private_kp",
            "aws_security_group.elrr_storage_sg",
            "aws_subnet.elrr_storage_subnet",
            "aws_vpc.elrr_vpc",
            "data.aws_availability_zones.elrr-azs"
          ]
        }
      ]
    },
    {
      "mode": "managed",
      "type": "aws_instance",
      "name": "elrr_xapi_gateway",
      "provider": "provider[\"registry.terraform.io/hashicorp/aws\"]",
      "instances": [
        {
          "schema_version": 1,
          "attributes": {
            "ami": "ami-0b9064170e32bde34",
            "arn": "arn:aws:ec2:us-east-2:452917972716:instance/i-0214f56e6e5eda3fe",
            "associate_public_ip_address": true,
            "availability_zone": "us-east-2a",
            "capacity_reservation_specification": [
              {
                "capacity_reservation_preference": "open",
                "capacity_reservation_target": []
              }
            ],
            "cpu_core_count": 2,
            "cpu_threads_per_core": 1,
            "credit_specification": [
              {
                "cpu_credits": "standard"
              }
            ],
            "disable_api_termination": false,
            "ebs_block_device": [
              {
                "delete_on_termination": true,
                "device_name": "/dev/sda1",
                "encrypted": false,
                "iops": 100,
                "kms_key_id": "",
                "snapshot_id": "snap-05bc449e542abbf3d",
                "tags": {},
                "throughput": 0,
                "volume_id": "vol-05fe0ce0b8ec1c449",
                "volume_size": 30,
                "volume_type": "gp2"
              }
            ],
            "ebs_optimized": false,
            "enclave_options": [
              {
                "enabled": false
              }
            ],
            "ephemeral_block_device": [],
            "get_password_data": false,
            "hibernation": false,
            "host_id": null,
            "iam_instance_profile": "",
            "id": "i-0214f56e6e5eda3fe",
            "instance_initiated_shutdown_behavior": "stop",
            "instance_state": "running",
            "instance_type": "t2.medium",
            "ipv6_address_count": 0,
            "ipv6_addresses": [],
            "key_name": "elrr_public_kp",
            "launch_template": [],
            "metadata_options": [
              {
                "http_endpoint": "enabled",
                "http_put_response_hop_limit": 1,
                "http_tokens": "optional"
              }
            ],
            "monitoring": false,
            "network_interface": [],
            "outpost_arn": "",
            "password_data": "",
            "placement_group": "",
            "primary_network_interface_id": "eni-03f87c946729cbc88",
            "private_dns": "ip-10-0-6-162.us-east-2.compute.internal",
            "private_ip": "10.0.6.162",
            "public_dns": "ec2-18-191-240-110.us-east-2.compute.amazonaws.com",
            "public_ip": "18.191.240.110",
            "root_block_device": [
              {
                "delete_on_termination": true,
                "device_name": "/dev/sda1",
                "encrypted": false,
                "iops": 100,
                "kms_key_id": "",
                "tags": {},
                "throughput": 0,
                "volume_id": "vol-05fe0ce0b8ec1c449",
                "volume_size": 30,
                "volume_type": "gp2"
              }
            ],
            "secondary_private_ips": [],
            "security_groups": [],
            "source_dest_check": true,
            "subnet_id": "subnet-0d5df2896cab633d6",
            "tags": {
              "Name": "elrr_xapi_gateway"
            },
            "tags_all": {
              "Name": "elrr_xapi_gateway"
            },
            "tenancy": "default",
            "timeouts": null,
            "user_data": "a45b0f272fd8c8ad93750fe005d4fc52d22e9f64",
            "user_data_base64": null,
            "volume_tags": null,
            "vpc_security_group_ids": [
              "sg-0346eddfe3bb69ed7"
            ]
          },
          "sensitive_attributes": [],
          "private": "eyJlMmJmYjczMC1lY2FhLTExZTYtOGY4OC0zNDM2M2JjN2M0YzAiOnsiY3JlYXRlIjo2MDAwMDAwMDAwMDAsImRlbGV0ZSI6MTIwMDAwMDAwMDAwMCwidXBkYXRlIjo2MDAwMDAwMDAwMDB9LCJzY2hlbWFfdmVyc2lvbiI6IjEifQ==",
          "dependencies": [
            "aws_key_pair.elrr_public_kp",
            "aws_security_group.elrr_xapi_gw_sg",
            "aws_subnet.elrr_xapi_gateway_subnet",
            "aws_vpc.elrr_vpc",
            "data.aws_availability_zones.elrr-azs"
          ]
        }
      ]
    },
    {
      "mode": "managed",
      "type": "aws_instance",
      "name": "elrr_zookeeper",
      "provider": "provider[\"registry.terraform.io/hashicorp/aws\"]",
      "instances": [
        {
          "schema_version": 1,
          "attributes": {
            "ami": "ami-0b9064170e32bde34",
            "arn": "arn:aws:ec2:us-east-2:452917972716:instance/i-0e755aefeb9d7ca3c",
            "associate_public_ip_address": true,
            "availability_zone": "us-east-2b",
            "capacity_reservation_specification": [
              {
                "capacity_reservation_preference": "open",
                "capacity_reservation_target": []
              }
            ],
            "cpu_core_count": 2,
            "cpu_threads_per_core": 1,
            "credit_specification": [
              {
                "cpu_credits": "standard"
              }
            ],
            "disable_api_termination": false,
            "ebs_block_device": [
              {
                "delete_on_termination": true,
                "device_name": "/dev/sda1",
                "encrypted": false,
                "iops": 100,
                "kms_key_id": "",
                "snapshot_id": "snap-05bc449e542abbf3d",
                "tags": {},
                "throughput": 0,
                "volume_id": "vol-0c1b81fa456f2e46c",
                "volume_size": 30,
                "volume_type": "gp2"
              }
            ],
            "ebs_optimized": false,
            "enclave_options": [
              {
                "enabled": false
              }
            ],
            "ephemeral_block_device": [],
            "get_password_data": false,
            "hibernation": false,
            "host_id": null,
            "iam_instance_profile": "",
            "id": "i-0e755aefeb9d7ca3c",
            "instance_initiated_shutdown_behavior": "stop",
            "instance_state": "running",
            "instance_type": "t2.medium",
            "ipv6_address_count": 0,
            "ipv6_addresses": [],
            "key_name": "elrr_private_kp",
            "launch_template": [],
            "metadata_options": [
              {
                "http_endpoint": "enabled",
                "http_put_response_hop_limit": 1,
                "http_tokens": "optional"
              }
            ],
            "monitoring": false,
            "network_interface": [],
            "outpost_arn": "",
            "password_data": "",
            "placement_group": "",
            "primary_network_interface_id": "eni-0b4c305a1ace6e4d6",
            "private_dns": "ip-10-0-20-178.us-east-2.compute.internal",
            "private_ip": "10.0.20.178",
            "public_dns": "ec2-18-219-169-165.us-east-2.compute.amazonaws.com",
            "public_ip": "18.219.169.165",
            "root_block_device": [
              {
                "delete_on_termination": true,
                "device_name": "/dev/sda1",
                "encrypted": false,
                "iops": 100,
                "kms_key_id": "",
                "tags": {},
                "throughput": 0,
                "volume_id": "vol-0c1b81fa456f2e46c",
                "volume_size": 30,
                "volume_type": "gp2"
              }
            ],
            "secondary_private_ips": [],
            "security_groups": [],
            "source_dest_check": true,
            "subnet_id": "subnet-085cecf3e49bd5d37",
            "tags": {
              "Name": "elrr_zookeeper"
            },
            "tags_all": {
              "Name": "elrr_zookeeper"
            },
            "tenancy": "default",
            "timeouts": null,
            "user_data": "4f37fafdfc1dd514f72e0619022163c6e6c0e9dd",
            "user_data_base64": null,
            "volume_tags": null,
            "vpc_security_group_ids": [
              "sg-0d2c4b3e12e88c494"
            ]
          },
          "sensitive_attributes": [],
          "private": "eyJlMmJmYjczMC1lY2FhLTExZTYtOGY4OC0zNDM2M2JjN2M0YzAiOnsiY3JlYXRlIjo2MDAwMDAwMDAwMDAsImRlbGV0ZSI6MTIwMDAwMDAwMDAwMCwidXBkYXRlIjo2MDAwMDAwMDAwMDB9LCJzY2hlbWFfdmVyc2lvbiI6IjEifQ==",
          "dependencies": [
            "aws_key_pair.elrr_private_kp",
            "aws_security_group.elrr_zookeeper_sg",
            "aws_subnet.elrr_kafka_subnet",
            "aws_vpc.elrr_vpc",
            "data.aws_availability_zones.elrr-azs"
          ]
        }
      ]
    },
    {
      "mode": "managed",
      "type": "aws_internet_gateway",
      "name": "elrr_igw",
      "provider": "provider[\"registry.terraform.io/hashicorp/aws\"]",
      "instances": [
        {
          "schema_version": 0,
          "attributes": {
            "arn": "arn:aws:ec2:us-east-2:452917972716:internet-gateway/igw-00701f0141d3fbcfd",
            "id": "igw-00701f0141d3fbcfd",
            "owner_id": "452917972716",
            "tags": {
              "Name": "elrr_igw"
            },
            "tags_all": {
              "Name": "elrr_igw"
            },
            "vpc_id": "vpc-0d72acb56be0b214e"
          },
          "sensitive_attributes": [],
          "private": "bnVsbA==",
          "dependencies": [
            "aws_vpc.elrr_vpc"
          ]
        }
      ]
    },
    {
      "mode": "managed",
      "type": "aws_key_pair",
      "name": "elrr_private_kp",
      "provider": "provider[\"registry.terraform.io/hashicorp/aws\"]",
      "instances": [
        {
          "schema_version": 1,
          "attributes": {
            "arn": "arn:aws:ec2:us-east-2:452917972716:key-pair/elrr_private_kp",
            "fingerprint": "26:ac:10:53:7e:95:6b:97:ef:94:91:80:5f:d1:61:ea",
            "id": "elrr_private_kp",
            "key_name": "elrr_private_kp",
            "key_name_prefix": null,
            "key_pair_id": "key-0a44333e21637286e",
            "public_key": "ssh-rsa AAAAB3NzaC1yc2EAAAADAQABAAABAQDSdNZvqRf+tpkLgfmPyWt9fH//ZKPJDXBRmiXYW0EXFkjxYQ5ZA0QVw3BCDbo+a8xSefQobBRSwmox90M/Uzd3JGfHpY1ldGFiNe9SBug4bWNxV/1W3fRK7y1A0HWSDP6QLmWJdb+Kw3918/MsmQoh6mo4xoV955olQisyxvHvlFxk2XXmh8iZf9Uw9V2L087Dcvwd77TIE8LeC6xkoFyYwp3gyW/pVKaVDlxxmakFGqFb0tpmsgrnxBpIvZjMgzt0nkU7lYSWb4Lnv8eT2zrGlpa76dphH8Ci70twzyUNoVcsureqBwrYUJvzQwqd9Vz+G5qlnXPGYPTLj1qBdsgD cloudshell-user@ip-10-0-150-26.us-east-2.compute.internal",
            "tags": null,
            "tags_all": {}
          },
          "sensitive_attributes": [],
          "private": "eyJzY2hlbWFfdmVyc2lvbiI6IjEifQ=="
        }
      ]
    },
    {
      "mode": "managed",
      "type": "aws_key_pair",
      "name": "elrr_public_kp",
      "provider": "provider[\"registry.terraform.io/hashicorp/aws\"]",
      "instances": [
        {
          "schema_version": 1,
          "attributes": {
            "arn": "arn:aws:ec2:us-east-2:452917972716:key-pair/elrr_public_kp",
            "fingerprint": "f9:af:21:d1:28:7a:0b:1b:ba:2a:39:9d:69:da:b7:be",
            "id": "elrr_public_kp",
            "key_name": "elrr_public_kp",
            "key_name_prefix": null,
            "key_pair_id": "key-0ccb88ced958ba2ed",
            "public_key": "ssh-rsa AAAAB3NzaC1yc2EAAAADAQABAAABAQChlIvY2tX569lT7Gtik0lkTd2sYPRMNDGU4T44EGDR0c5gC37/LzUihWPxYmAREcIwxAQZAmppAiD6iFJ9EyEG+Nu9mtFJi0/c47I13I7xwlVlZz4tL2VsFzkQ3Fi2AOYDX1FG1RLPURbzoqPuGg0Apgj+d6GKixgrPyW1C+yCNgWLcP4OnjPWaym6c7AOFHYCWfU8pDxuFPanSnYx5TSTsvxPs2j75OkgV0Z+KrBzZs+peuHhObAwO/tYXkz7ZziunsOEAnB0V85DyFEJde/Zo4/McV3Y0v5MWjzDNGxp3tW1evXyNMgQVBQRt7ygQ1+TUh7/iE7IsJGvLFBPG7tB cloudshell-user@ip-10-0-150-26.us-east-2.compute.internal",
            "tags": null,
            "tags_all": {}
          },
          "sensitive_attributes": [],
          "private": "eyJzY2hlbWFfdmVyc2lvbiI6IjEifQ=="
        }
      ]
    },
    {
      "mode": "managed",
      "type": "aws_network_interface",
      "name": "elrr_agent1_interface",
      "provider": "provider[\"registry.terraform.io/hashicorp/aws\"]",
      "instances": [
        {
          "schema_version": 0,
          "attributes": {
            "attachment": [],
            "description": "",
            "id": "eni-0b3a170863d26ee59",
            "interface_type": "interface",
            "ipv6_address_count": 0,
            "ipv6_addresses": [],
            "mac_address": "06:54:bf:2e:84:e2",
            "outpost_arn": "",
            "private_dns_name": "ip-10-0-24-108.us-east-2.compute.internal",
            "private_ip": "10.0.24.108",
            "private_ips": [
              "10.0.24.108"
            ],
            "private_ips_count": 0,
            "security_groups": [
              "sg-0c3edaca6b9eabb91"
            ],
            "source_dest_check": true,
            "subnet_id": "subnet-098cba61572a2b63c",
            "tags": {
              "Name": "elrr_agent1_interface"
            },
            "tags_all": {
              "Name": "elrr_agent1_interface"
            }
          },
          "sensitive_attributes": [],
          "private": "bnVsbA==",
          "dependencies": [
            "aws_subnet.elrr_agent_subnet",
            "aws_vpc.elrr_vpc",
            "data.aws_availability_zones.elrr-azs"
          ]
        }
      ]
    },
    {
      "mode": "managed",
      "type": "aws_network_interface",
      "name": "elrr_agent2_interface",
      "provider": "provider[\"registry.terraform.io/hashicorp/aws\"]",
      "instances": [
        {
          "schema_version": 0,
          "attributes": {
            "attachment": [],
            "description": "",
            "id": "eni-0c71b497d40e757d3",
            "interface_type": "interface",
            "ipv6_address_count": 0,
            "ipv6_addresses": [],
            "mac_address": "06:6b:9b:5e:d2:98",
            "outpost_arn": "",
            "private_dns_name": "ip-10-0-24-57.us-east-2.compute.internal",
            "private_ip": "10.0.24.57",
            "private_ips": [
              "10.0.24.57"
            ],
            "private_ips_count": 0,
            "security_groups": [
              "sg-0c3edaca6b9eabb91"
            ],
            "source_dest_check": true,
            "subnet_id": "subnet-098cba61572a2b63c",
            "tags": {
              "Name": "elrr_agent2_interface"
            },
            "tags_all": {
              "Name": "elrr_agent2_interface"
            }
          },
          "sensitive_attributes": [],
          "private": "bnVsbA==",
          "dependencies": [
            "aws_subnet.elrr_agent_subnet",
            "aws_vpc.elrr_vpc",
            "data.aws_availability_zones.elrr-azs"
          ]
        }
      ]
    },
    {
      "mode": "managed",
      "type": "aws_network_interface",
      "name": "elrr_agent3_interface",
      "provider": "provider[\"registry.terraform.io/hashicorp/aws\"]",
      "instances": [
        {
          "schema_version": 0,
          "attributes": {
            "attachment": [],
            "description": "",
            "id": "eni-0ad1535f523913fd3",
            "interface_type": "interface",
            "ipv6_address_count": 0,
            "ipv6_addresses": [],
            "mac_address": "06:79:35:76:24:6e",
            "outpost_arn": "",
            "private_dns_name": "ip-10-0-24-6.us-east-2.compute.internal",
            "private_ip": "10.0.24.6",
            "private_ips": [
              "10.0.24.6"
            ],
            "private_ips_count": 0,
            "security_groups": [
              "sg-0c3edaca6b9eabb91"
            ],
            "source_dest_check": true,
            "subnet_id": "subnet-098cba61572a2b63c",
            "tags": {
              "Name": "elrr_agent3_interface"
            },
            "tags_all": {
              "Name": "elrr_agent3_interface"
            }
          },
          "sensitive_attributes": [],
          "private": "bnVsbA==",
          "dependencies": [
            "aws_subnet.elrr_agent_subnet",
            "aws_vpc.elrr_vpc",
            "data.aws_availability_zones.elrr-azs"
          ]
        }
      ]
    },
    {
      "mode": "managed",
      "type": "aws_network_interface",
      "name": "elrr_agent4_interface",
      "provider": "provider[\"registry.terraform.io/hashicorp/aws\"]",
      "instances": [
        {
          "schema_version": 0,
          "attributes": {
            "attachment": [],
            "description": "",
            "id": "eni-09f4af9e18c10ffd2",
            "interface_type": "interface",
            "ipv6_address_count": 0,
            "ipv6_addresses": [],
            "mac_address": "06:f4:4c:96:b0:68",
            "outpost_arn": "",
            "private_dns_name": "ip-10-0-24-95.us-east-2.compute.internal",
            "private_ip": "10.0.24.95",
            "private_ips": [
              "10.0.24.95"
            ],
            "private_ips_count": 0,
            "security_groups": [
              "sg-0c3edaca6b9eabb91"
            ],
            "source_dest_check": true,
            "subnet_id": "subnet-098cba61572a2b63c",
            "tags": {
              "Name": "elrr_agent4_interface"
            },
            "tags_all": {
              "Name": "elrr_agent4_interface"
            }
          },
          "sensitive_attributes": [],
          "private": "bnVsbA==",
          "dependencies": [
            "aws_subnet.elrr_agent_subnet",
            "aws_vpc.elrr_vpc",
            "data.aws_availability_zones.elrr-azs"
          ]
        }
      ]
    },
    {
      "mode": "managed",
      "type": "aws_network_interface",
      "name": "elrr_auth_interface",
      "provider": "provider[\"registry.terraform.io/hashicorp/aws\"]",
      "instances": [
        {
          "schema_version": 0,
          "attributes": {
            "attachment": [],
            "description": "",
            "id": "eni-033a06ef9f8410f6d",
            "interface_type": "interface",
            "ipv6_address_count": 0,
            "ipv6_addresses": [],
            "mac_address": "06:50:64:d1:97:96",
            "outpost_arn": "",
            "private_dns_name": "ip-10-0-12-181.us-east-2.compute.internal",
            "private_ip": "10.0.12.181",
            "private_ips": [
              "10.0.12.181"
            ],
            "private_ips_count": 0,
            "security_groups": [
              "sg-0c3edaca6b9eabb91"
            ],
            "source_dest_check": true,
            "subnet_id": "subnet-0f586a73d7c3dabb9",
            "tags": {
              "Name": "elrr_auth_interface"
            },
            "tags_all": {
              "Name": "elrr_auth_interface"
            }
          },
          "sensitive_attributes": [],
          "private": "bnVsbA==",
          "dependencies": [
            "aws_subnet.elrr_auth_subnet",
            "aws_vpc.elrr_vpc",
            "data.aws_availability_zones.elrr-azs"
          ]
        }
      ]
    },
    {
      "mode": "managed",
      "type": "aws_network_interface",
      "name": "elrr_datasim_interface",
      "provider": "provider[\"registry.terraform.io/hashicorp/aws\"]",
      "instances": [
        {
          "schema_version": 0,
          "attributes": {
            "attachment": [],
            "description": "",
            "id": "eni-0a549e5def9d1622c",
            "interface_type": "interface",
            "ipv6_address_count": 0,
            "ipv6_addresses": [],
            "mac_address": "06:1a:a1:1c:29:d6",
            "outpost_arn": "",
            "private_dns_name": "ip-10-0-28-51.us-east-2.compute.internal",
            "private_ip": "10.0.28.51",
            "private_ips": [
              "10.0.28.51"
            ],
            "private_ips_count": 0,
            "security_groups": [
              "sg-0c3edaca6b9eabb91"
            ],
            "source_dest_check": true,
            "subnet_id": "subnet-05110c023ed4324a9",
            "tags": {
              "Name": "elrr_datasim_interface"
            },
            "tags_all": {
              "Name": "elrr_datasim_interface"
            }
          },
          "sensitive_attributes": [],
          "private": "bnVsbA==",
          "dependencies": [
            "aws_subnet.elrr_datasim_subnet",
            "aws_vpc.elrr_vpc",
            "data.aws_availability_zones.elrr-azs"
          ]
        }
      ]
    },
    {
      "mode": "managed",
      "type": "aws_network_interface",
      "name": "elrr_kafka_interface",
      "provider": "provider[\"registry.terraform.io/hashicorp/aws\"]",
      "instances": [
        {
          "schema_version": 0,
          "attributes": {
            "attachment": [],
            "description": "",
            "id": "eni-0b33ff42f22274e98",
            "interface_type": "interface",
            "ipv6_address_count": 0,
            "ipv6_addresses": [],
            "mac_address": "06:47:fc:3c:28:36",
            "outpost_arn": "",
            "private_dns_name": "ip-10-0-20-207.us-east-2.compute.internal",
            "private_ip": "10.0.20.207",
            "private_ips": [
              "10.0.20.207"
            ],
            "private_ips_count": 0,
            "security_groups": [
              "sg-0c3edaca6b9eabb91"
            ],
            "source_dest_check": true,
            "subnet_id": "subnet-085cecf3e49bd5d37",
            "tags": {
              "Name": "elrr_kafka_interface"
            },
            "tags_all": {
              "Name": "elrr_kafka_interface"
            }
          },
          "sensitive_attributes": [],
          "private": "bnVsbA==",
          "dependencies": [
            "aws_subnet.elrr_kafka_subnet",
            "aws_vpc.elrr_vpc",
            "data.aws_availability_zones.elrr-azs"
          ]
        }
      ]
    },
    {
      "mode": "managed",
      "type": "aws_network_interface",
      "name": "elrr_local_staging_interface",
      "provider": "provider[\"registry.terraform.io/hashicorp/aws\"]",
      "instances": [
        {
          "schema_version": 0,
          "attributes": {
            "attachment": [],
            "description": "",
            "id": "eni-0501587f867cfae9e",
            "interface_type": "interface",
            "ipv6_address_count": 0,
            "ipv6_addresses": [],
            "mac_address": "06:2b:29:e0:6d:2a",
            "outpost_arn": "",
            "private_dns_name": "ip-10-0-2-39.us-east-2.compute.internal",
            "private_ip": "10.0.2.39",
            "private_ips": [
              "10.0.2.39"
            ],
            "private_ips_count": 0,
            "security_groups": [
              "sg-0c3edaca6b9eabb91"
            ],
            "source_dest_check": true,
            "subnet_id": "subnet-0d6c2d5b29033d1c8",
            "tags": {
              "Name": "elrr_local_staging_interface"
            },
            "tags_all": {
              "Name": "elrr_local_staging_interface"
            }
          },
          "sensitive_attributes": [],
          "private": "bnVsbA==",
          "dependencies": [
            "aws_subnet.elrr_local_staging_subnet",
            "aws_vpc.elrr_vpc",
            "data.aws_availability_zones.elrr-azs"
          ]
        }
      ]
    },
    {
      "mode": "managed",
      "type": "aws_network_interface",
      "name": "elrr_portal_interface",
      "provider": "provider[\"registry.terraform.io/hashicorp/aws\"]",
      "instances": [
        {
          "schema_version": 0,
          "attributes": {
            "attachment": [],
            "description": "",
            "id": "eni-001cd5c5cb2e4d31e",
            "interface_type": "interface",
            "ipv6_address_count": 0,
            "ipv6_addresses": [],
            "mac_address": "06:5e:67:3e:94:e4",
            "outpost_arn": "",
            "private_dns_name": "ip-10-0-16-67.us-east-2.compute.internal",
            "private_ip": "10.0.16.67",
            "private_ips": [
              "10.0.16.67"
            ],
            "private_ips_count": 0,
            "security_groups": [
              "sg-0c3edaca6b9eabb91"
            ],
            "source_dest_check": true,
            "subnet_id": "subnet-0a1b91967c4b60385",
            "tags": {
              "Name": "elrr_portal_interface"
            },
            "tags_all": {
              "Name": "elrr_portal_interface"
            }
          },
          "sensitive_attributes": [],
          "private": "bnVsbA==",
          "dependencies": [
            "aws_subnet.elrr_portal_subnet",
            "aws_vpc.elrr_vpc",
            "data.aws_availability_zones.elrr-azs"
          ]
        }
      ]
    },
    {
      "mode": "managed",
      "type": "aws_network_interface",
      "name": "elrr_storage_interface",
      "provider": "provider[\"registry.terraform.io/hashicorp/aws\"]",
      "instances": [
        {
          "schema_version": 0,
          "attributes": {
            "attachment": [],
            "description": "",
            "id": "eni-0c3e58fb31d5a3a20",
            "interface_type": "interface",
            "ipv6_address_count": 0,
            "ipv6_addresses": [],
            "mac_address": "06:ca:fa:21:b4:9a",
            "outpost_arn": "",
            "private_dns_name": "ip-10-0-8-195.us-east-2.compute.internal",
            "private_ip": "10.0.8.195",
            "private_ips": [
              "10.0.8.195"
            ],
            "private_ips_count": 0,
            "security_groups": [
              "sg-0c3edaca6b9eabb91"
            ],
            "source_dest_check": true,
            "subnet_id": "subnet-02ed50230504e4cc5",
            "tags": {
              "Name": "elrr_storage_interface"
            },
            "tags_all": {
              "Name": "elrr_storage_interface"
            }
          },
          "sensitive_attributes": [],
          "private": "bnVsbA==",
          "dependencies": [
            "aws_subnet.elrr_storage_subnet",
            "aws_vpc.elrr_vpc",
            "data.aws_availability_zones.elrr-azs"
          ]
        }
      ]
    },
    {
      "mode": "managed",
      "type": "aws_network_interface",
      "name": "elrr_xapi_gw_network_interface",
      "provider": "provider[\"registry.terraform.io/hashicorp/aws\"]",
      "instances": [
        {
          "schema_version": 0,
          "attributes": {
            "attachment": [],
            "description": "",
            "id": "eni-0c72a858976e39072",
            "interface_type": "interface",
            "ipv6_address_count": 0,
            "ipv6_addresses": [],
            "mac_address": "02:84:e9:2d:dd:e0",
            "outpost_arn": "",
            "private_dns_name": "ip-10-0-6-160.us-east-2.compute.internal",
            "private_ip": "10.0.6.160",
            "private_ips": [
              "10.0.6.160"
            ],
            "private_ips_count": 0,
            "security_groups": [
              "sg-0c3edaca6b9eabb91"
            ],
            "source_dest_check": true,
            "subnet_id": "subnet-0d5df2896cab633d6",
            "tags": {
              "Name": "elrr_xapi_gw_network_interface"
            },
            "tags_all": {
              "Name": "elrr_xapi_gw_network_interface"
            }
          },
          "sensitive_attributes": [],
          "private": "bnVsbA==",
          "dependencies": [
            "aws_subnet.elrr_xapi_gateway_subnet",
            "aws_vpc.elrr_vpc",
            "data.aws_availability_zones.elrr-azs"
          ]
        }
      ]
    },
    {
      "mode": "managed",
      "type": "aws_network_interface",
      "name": "elrr_zookeeper_interface",
      "provider": "provider[\"registry.terraform.io/hashicorp/aws\"]",
      "instances": [
        {
          "schema_version": 0,
          "attributes": {
            "attachment": [],
            "description": "",
            "id": "eni-062280635fd0d7348",
            "interface_type": "interface",
            "ipv6_address_count": 0,
            "ipv6_addresses": [],
            "mac_address": "06:0d:28:d2:de:9c",
            "outpost_arn": "",
            "private_dns_name": "ip-10-0-20-4.us-east-2.compute.internal",
            "private_ip": "10.0.20.4",
            "private_ips": [
              "10.0.20.4"
            ],
            "private_ips_count": 0,
            "security_groups": [
              "sg-0c3edaca6b9eabb91"
            ],
            "source_dest_check": true,
            "subnet_id": "subnet-085cecf3e49bd5d37",
            "tags": {
              "Name": "elrr_zookeeper_interface"
            },
            "tags_all": {
              "Name": "elrr_zookeeper_interface"
            }
          },
          "sensitive_attributes": [],
          "private": "bnVsbA==",
          "dependencies": [
            "aws_subnet.elrr_kafka_subnet",
            "aws_vpc.elrr_vpc",
            "data.aws_availability_zones.elrr-azs"
          ]
        }
      ]
    },
    {
      "mode": "managed",
      "type": "aws_route_table",
      "name": "elrr_route_table",
      "provider": "provider[\"registry.terraform.io/hashicorp/aws\"]",
      "instances": [
        {
          "schema_version": 0,
          "attributes": {
            "arn": "arn:aws:ec2:us-east-2:452917972716:route-table/rtb-0db4f8bd16b04e8ed",
            "id": "rtb-0db4f8bd16b04e8ed",
            "owner_id": "452917972716",
            "propagating_vgws": [],
            "route": [
              {
                "carrier_gateway_id": "",
                "cidr_block": "0.0.0.0/0",
                "destination_prefix_list_id": "",
                "egress_only_gateway_id": "",
                "gateway_id": "igw-00701f0141d3fbcfd",
                "instance_id": "",
                "ipv6_cidr_block": "",
                "local_gateway_id": "",
                "nat_gateway_id": "",
                "network_interface_id": "",
                "transit_gateway_id": "",
                "vpc_endpoint_id": "",
                "vpc_peering_connection_id": ""
              }
            ],
            "tags": {
              "Name": "elrr_route_table"
            },
            "tags_all": {
              "Name": "elrr_route_table"
            },
            "vpc_id": "vpc-0d72acb56be0b214e"
          },
          "sensitive_attributes": [],
          "private": "bnVsbA==",
          "dependencies": [
            "aws_internet_gateway.elrr_igw",
            "aws_vpc.elrr_vpc"
          ]
        }
      ]
    },
    {
      "mode": "managed",
      "type": "aws_security_group",
      "name": "elrr_agent_sg",
      "provider": "provider[\"registry.terraform.io/hashicorp/aws\"]",
      "instances": [
        {
          "schema_version": 1,
          "attributes": {
            "arn": "arn:aws:ec2:us-east-2:452917972716:security-group/sg-05f7774f6c1941c88",
            "description": "Allow kafka and zookeeper communication",
            "egress": [
              {
                "cidr_blocks": [
                  "0.0.0.0/0"
                ],
                "description": "",
                "from_port": 0,
                "ipv6_cidr_blocks": [],
                "prefix_list_ids": [],
                "protocol": "-1",
                "security_groups": [],
                "self": false,
                "to_port": 0
              }
            ],
            "id": "sg-05f7774f6c1941c88",
            "ingress": [
              {
                "cidr_blocks": [
                  "10.0.0.0/16"
                ],
                "description": "TLS from VPC",
                "from_port": 443,
                "ipv6_cidr_blocks": [],
                "prefix_list_ids": [],
                "protocol": "tcp",
                "security_groups": [],
                "self": false,
                "to_port": 443
              },
              {
                "cidr_blocks": [
                  "10.0.0.0/16"
                ],
                "description": "TLS from VPC",
                "from_port": 5432,
                "ipv6_cidr_blocks": [],
                "prefix_list_ids": [],
                "protocol": "tcp",
                "security_groups": [],
                "self": false,
                "to_port": 5432
              },
              {
                "cidr_blocks": [
                  "10.0.0.0/16"
                ],
                "description": "TLS from VPC",
                "from_port": 9092,
                "ipv6_cidr_blocks": [],
                "prefix_list_ids": [],
                "protocol": "tcp",
                "security_groups": [],
                "self": false,
                "to_port": 9092
              }
            ],
            "name": "elrr_agent_sg",
            "name_prefix": "",
            "owner_id": "452917972716",
            "revoke_rules_on_delete": false,
            "tags": {
              "Name": "elrr_agent_sg"
            },
            "tags_all": {
              "Name": "elrr_agent_sg"
            },
            "timeouts": null,
            "vpc_id": "vpc-0d72acb56be0b214e"
          },
          "sensitive_attributes": [],
          "private": "eyJlMmJmYjczMC1lY2FhLTExZTYtOGY4OC0zNDM2M2JjN2M0YzAiOnsiY3JlYXRlIjo2MDAwMDAwMDAwMDAsImRlbGV0ZSI6OTAwMDAwMDAwMDAwfSwic2NoZW1hX3ZlcnNpb24iOiIxIn0=",
          "dependencies": [
            "aws_vpc.elrr_vpc"
          ]
        }
      ]
    },
    {
      "mode": "managed",
      "type": "aws_security_group",
      "name": "elrr_auth_sg",
      "provider": "provider[\"registry.terraform.io/hashicorp/aws\"]",
      "instances": [
        {
          "schema_version": 1,
          "attributes": {
            "arn": "arn:aws:ec2:us-east-2:452917972716:security-group/sg-09647e957d99df9e7",
            "description": "Allow connection from elrr auth",
            "egress": [
              {
                "cidr_blocks": [
                  "0.0.0.0/0"
                ],
                "description": "",
                "from_port": 0,
                "ipv6_cidr_blocks": [],
                "prefix_list_ids": [],
                "protocol": "-1",
                "security_groups": [],
                "self": false,
                "to_port": 0
              }
            ],
            "id": "sg-09647e957d99df9e7",
            "ingress": [
              {
                "cidr_blocks": [
                  "10.0.0.0/16"
                ],
                "description": "TLS from VPC",
                "from_port": 443,
                "ipv6_cidr_blocks": [],
                "prefix_list_ids": [],
                "protocol": "tcp",
                "security_groups": [],
                "self": false,
                "to_port": 443
              },
              {
                "cidr_blocks": [
                  "10.0.0.0/16"
                ],
                "description": "TLS from VPC",
                "from_port": 5453,
                "ipv6_cidr_blocks": [],
                "prefix_list_ids": [],
                "protocol": "tcp",
                "security_groups": [],
                "self": false,
                "to_port": 5453
              },
              {
                "cidr_blocks": [
                  "10.0.0.0/16"
                ],
                "description": "TLS from VPC",
                "from_port": 8080,
                "ipv6_cidr_blocks": [],
                "prefix_list_ids": [],
                "protocol": "tcp",
                "security_groups": [],
                "self": false,
                "to_port": 8080
              }
            ],
            "name": "elrr_auth_sg",
            "name_prefix": "",
            "owner_id": "452917972716",
            "revoke_rules_on_delete": false,
            "tags": {
              "Name": "elrr_auth_sg"
            },
            "tags_all": {
              "Name": "elrr_auth_sg"
            },
            "timeouts": null,
            "vpc_id": "vpc-0d72acb56be0b214e"
          },
          "sensitive_attributes": [],
          "private": "eyJlMmJmYjczMC1lY2FhLTExZTYtOGY4OC0zNDM2M2JjN2M0YzAiOnsiY3JlYXRlIjo2MDAwMDAwMDAwMDAsImRlbGV0ZSI6OTAwMDAwMDAwMDAwfSwic2NoZW1hX3ZlcnNpb24iOiIxIn0=",
          "dependencies": [
            "aws_vpc.elrr_vpc"
          ]
        }
      ]
    },
    {
      "mode": "managed",
      "type": "aws_security_group",
      "name": "elrr_datasim_sg",
      "provider": "provider[\"registry.terraform.io/hashicorp/aws\"]",
      "instances": [
        {
          "schema_version": 1,
          "attributes": {
            "arn": "arn:aws:ec2:us-east-2:452917972716:security-group/sg-0b681fc9f76cb1ec9",
            "description": "Allow datasim communication",
            "egress": [
              {
                "cidr_blocks": [
                  "0.0.0.0/0"
                ],
                "description": "",
                "from_port": 0,
                "ipv6_cidr_blocks": [],
                "prefix_list_ids": [],
                "protocol": "-1",
                "security_groups": [],
                "self": false,
                "to_port": 0
              }
            ],
            "id": "sg-0b681fc9f76cb1ec9",
            "ingress": [
              {
                "cidr_blocks": [
                  "10.0.0.0/16"
                ],
                "description": "TLS from VPC",
                "from_port": 443,
                "ipv6_cidr_blocks": [],
                "prefix_list_ids": [],
                "protocol": "tcp",
                "security_groups": [],
                "self": false,
                "to_port": 443
              },
              {
                "cidr_blocks": [
                  "10.0.0.0/16"
                ],
                "description": "TLS from VPC",
                "from_port": 9091,
                "ipv6_cidr_blocks": [],
                "prefix_list_ids": [],
                "protocol": "tcp",
                "security_groups": [],
                "self": false,
                "to_port": 9091
              }
            ],
            "name": "elrr_datasim_sg",
            "name_prefix": "",
            "owner_id": "452917972716",
            "revoke_rules_on_delete": false,
            "tags": {
              "Name": "elrr_datasim_sg"
            },
            "tags_all": {
              "Name": "elrr_datasim_sg"
            },
            "timeouts": null,
            "vpc_id": "vpc-0d72acb56be0b214e"
          },
          "sensitive_attributes": [],
          "private": "eyJlMmJmYjczMC1lY2FhLTExZTYtOGY4OC0zNDM2M2JjN2M0YzAiOnsiY3JlYXRlIjo2MDAwMDAwMDAwMDAsImRlbGV0ZSI6OTAwMDAwMDAwMDAwfSwic2NoZW1hX3ZlcnNpb24iOiIxIn0=",
          "dependencies": [
            "aws_vpc.elrr_vpc"
          ]
        }
      ]
    },
    {
      "mode": "managed",
      "type": "aws_security_group",
      "name": "elrr_kafka_sg",
      "provider": "provider[\"registry.terraform.io/hashicorp/aws\"]",
      "instances": [
        {
          "schema_version": 1,
          "attributes": {
            "arn": "arn:aws:ec2:us-east-2:452917972716:security-group/sg-0481829ae4b28bf09",
            "description": "Allow kafka and zookeeper communication",
            "egress": [
              {
                "cidr_blocks": [
                  "0.0.0.0/0"
                ],
                "description": "",
                "from_port": 0,
                "ipv6_cidr_blocks": [],
                "prefix_list_ids": [],
                "protocol": "-1",
                "security_groups": [],
                "self": false,
                "to_port": 0
              }
            ],
            "id": "sg-0481829ae4b28bf09",
            "ingress": [
              {
                "cidr_blocks": [
                  "10.0.0.0/16"
                ],
                "description": "TLS from VPC",
                "from_port": 2181,
                "ipv6_cidr_blocks": [],
                "prefix_list_ids": [],
                "protocol": "tcp",
                "security_groups": [],
                "self": false,
                "to_port": 2181
              },
              {
                "cidr_blocks": [
                  "10.0.0.0/16"
                ],
                "description": "TLS from VPC",
                "from_port": 2888,
                "ipv6_cidr_blocks": [],
                "prefix_list_ids": [],
                "protocol": "tcp",
                "security_groups": [],
                "self": false,
                "to_port": 2888
              },
              {
                "cidr_blocks": [
                  "10.0.0.0/16"
                ],
                "description": "TLS from VPC",
                "from_port": 9092,
                "ipv6_cidr_blocks": [],
                "prefix_list_ids": [],
                "protocol": "tcp",
                "security_groups": [],
                "self": false,
                "to_port": 9092
              }
            ],
            "name": "elrr_kafka_sg",
            "name_prefix": "",
            "owner_id": "452917972716",
            "revoke_rules_on_delete": false,
            "tags": {
              "Name": "elrr_kafka_sg"
            },
            "tags_all": {
              "Name": "elrr_kafka_sg"
            },
            "timeouts": null,
            "vpc_id": "vpc-0d72acb56be0b214e"
          },
          "sensitive_attributes": [],
          "private": "eyJlMmJmYjczMC1lY2FhLTExZTYtOGY4OC0zNDM2M2JjN2M0YzAiOnsiY3JlYXRlIjo2MDAwMDAwMDAwMDAsImRlbGV0ZSI6OTAwMDAwMDAwMDAwfSwic2NoZW1hX3ZlcnNpb24iOiIxIn0=",
          "dependencies": [
            "aws_vpc.elrr_vpc"
          ]
        }
      ]
    },
    {
      "mode": "managed",
      "type": "aws_security_group",
      "name": "elrr_local_staging_sg",
      "provider": "provider[\"registry.terraform.io/hashicorp/aws\"]",
      "instances": [
        {
          "schema_version": 1,
          "attributes": {
            "arn": "arn:aws:ec2:us-east-2:452917972716:security-group/sg-044ac73703f4b8fea",
            "description": "Allow MySQL connectivity",
            "egress": [
              {
                "cidr_blocks": [
                  "0.0.0.0/0"
                ],
                "description": "",
                "from_port": 0,
                "ipv6_cidr_blocks": [],
                "prefix_list_ids": [],
                "protocol": "-1",
                "security_groups": [],
                "self": false,
                "to_port": 0
              }
            ],
            "id": "sg-044ac73703f4b8fea",
            "ingress": [
              {
                "cidr_blocks": [
                  "10.0.0.0/16"
                ],
                "description": "TLS from VPC",
                "from_port": 443,
                "ipv6_cidr_blocks": [],
                "prefix_list_ids": [],
                "protocol": "tcp",
                "security_groups": [],
                "self": false,
                "to_port": 443
              },
              {
                "cidr_blocks": [
                  "10.0.0.0/16"
                ],
                "description": "TLS from VPC",
                "from_port": 5453,
                "ipv6_cidr_blocks": [],
                "prefix_list_ids": [],
                "protocol": "tcp",
                "security_groups": [],
                "self": false,
                "to_port": 5453
              }
            ],
            "name": "elrr_local_staging_sg",
            "name_prefix": "",
            "owner_id": "452917972716",
            "revoke_rules_on_delete": false,
            "tags": {
              "Name": "elrr_local_staging_sg"
            },
            "tags_all": {
              "Name": "elrr_local_staging_sg"
            },
            "timeouts": null,
            "vpc_id": "vpc-0d72acb56be0b214e"
          },
          "sensitive_attributes": [],
          "private": "eyJlMmJmYjczMC1lY2FhLTExZTYtOGY4OC0zNDM2M2JjN2M0YzAiOnsiY3JlYXRlIjo2MDAwMDAwMDAwMDAsImRlbGV0ZSI6OTAwMDAwMDAwMDAwfSwic2NoZW1hX3ZlcnNpb24iOiIxIn0=",
          "dependencies": [
            "aws_vpc.elrr_vpc"
          ]
        }
      ]
    },
    {
      "mode": "managed",
      "type": "aws_security_group",
      "name": "elrr_portal_sg",
      "provider": "provider[\"registry.terraform.io/hashicorp/aws\"]",
      "instances": [
        {
          "schema_version": 1,
          "attributes": {
            "arn": "arn:aws:ec2:us-east-2:452917972716:security-group/sg-0e9fd3b0f8393d0cc",
            "description": "Allow user connectivity",
            "egress": [
              {
                "cidr_blocks": [
                  "0.0.0.0/0"
                ],
                "description": "",
                "from_port": 0,
                "ipv6_cidr_blocks": [],
                "prefix_list_ids": [],
                "protocol": "-1",
                "security_groups": [],
                "self": false,
                "to_port": 0
              }
            ],
            "id": "sg-0e9fd3b0f8393d0cc",
            "ingress": [
              {
                "cidr_blocks": [
                  "10.0.0.0/16"
                ],
                "description": "TLS from VPC",
                "from_port": 443,
                "ipv6_cidr_blocks": [],
                "prefix_list_ids": [],
                "protocol": "tcp",
                "security_groups": [],
                "self": false,
                "to_port": 443
              },
              {
                "cidr_blocks": [
                  "10.0.0.0/16"
                ],
                "description": "TLS from VPC",
                "from_port": 5453,
                "ipv6_cidr_blocks": [],
                "prefix_list_ids": [],
                "protocol": "tcp",
                "security_groups": [],
                "self": false,
                "to_port": 5453
              },
              {
                "cidr_blocks": [
                  "10.0.0.0/16"
                ],
                "description": "TLS from VPC",
                "from_port": 8080,
                "ipv6_cidr_blocks": [],
                "prefix_list_ids": [],
                "protocol": "tcp",
                "security_groups": [],
                "self": false,
                "to_port": 8080
              }
            ],
            "name": "elrr_portal_sg",
            "name_prefix": "",
            "owner_id": "452917972716",
            "revoke_rules_on_delete": false,
            "tags": {
              "Name": "elrr_portal_sg"
            },
            "tags_all": {
              "Name": "elrr_portal_sg"
            },
            "timeouts": null,
            "vpc_id": "vpc-0d72acb56be0b214e"
          },
          "sensitive_attributes": [],
          "private": "eyJlMmJmYjczMC1lY2FhLTExZTYtOGY4OC0zNDM2M2JjN2M0YzAiOnsiY3JlYXRlIjo2MDAwMDAwMDAwMDAsImRlbGV0ZSI6OTAwMDAwMDAwMDAwfSwic2NoZW1hX3ZlcnNpb24iOiIxIn0=",
          "dependencies": [
            "aws_vpc.elrr_vpc"
          ]
        }
      ]
    },
    {
      "mode": "managed",
      "type": "aws_security_group",
      "name": "elrr_storage_sg",
      "provider": "provider[\"registry.terraform.io/hashicorp/aws\"]",
      "instances": [
        {
          "schema_version": 1,
          "attributes": {
            "arn": "arn:aws:ec2:us-east-2:452917972716:security-group/sg-0fc522a3c5e2268ef",
            "description": "Allow MySQL connectivity",
            "egress": [
              {
                "cidr_blocks": [
                  "0.0.0.0/0"
                ],
                "description": "",
                "from_port": 0,
                "ipv6_cidr_blocks": [],
                "prefix_list_ids": [],
                "protocol": "-1",
                "security_groups": [],
                "self": false,
                "to_port": 0
              }
            ],
            "id": "sg-0fc522a3c5e2268ef",
            "ingress": [
              {
                "cidr_blocks": [
                  "10.0.0.0/16"
                ],
                "description": "TLS from VPC",
                "from_port": 443,
                "ipv6_cidr_blocks": [],
                "prefix_list_ids": [],
                "protocol": "tcp",
                "security_groups": [],
                "self": false,
                "to_port": 443
              },
              {
                "cidr_blocks": [
                  "10.0.0.0/16"
                ],
                "description": "TLS from VPC",
                "from_port": 5453,
                "ipv6_cidr_blocks": [],
                "prefix_list_ids": [],
                "protocol": "tcp",
                "security_groups": [],
                "self": false,
                "to_port": 5453
              }
            ],
            "name": "elrr_storage_sg",
            "name_prefix": "",
            "owner_id": "452917972716",
            "revoke_rules_on_delete": false,
            "tags": {
              "Name": "elrr_storage_sg"
            },
            "tags_all": {
              "Name": "elrr_storage_sg"
            },
            "timeouts": null,
            "vpc_id": "vpc-0d72acb56be0b214e"
          },
          "sensitive_attributes": [],
          "private": "eyJlMmJmYjczMC1lY2FhLTExZTYtOGY4OC0zNDM2M2JjN2M0YzAiOnsiY3JlYXRlIjo2MDAwMDAwMDAwMDAsImRlbGV0ZSI6OTAwMDAwMDAwMDAwfSwic2NoZW1hX3ZlcnNpb24iOiIxIn0=",
          "dependencies": [
            "aws_vpc.elrr_vpc"
          ]
        }
      ]
    },
    {
      "mode": "managed",
      "type": "aws_security_group",
      "name": "elrr_xapi_gw_sg",
      "provider": "provider[\"registry.terraform.io/hashicorp/aws\"]",
      "instances": [
        {
          "schema_version": 1,
          "attributes": {
            "arn": "arn:aws:ec2:us-east-2:452917972716:security-group/sg-0346eddfe3bb69ed7",
            "description": "Allow TLS inbound traffic on ports 9200 \u0026 443",
            "egress": [
              {
                "cidr_blocks": [
                  "0.0.0.0/0"
                ],
                "description": "",
                "from_port": 0,
                "ipv6_cidr_blocks": [],
                "prefix_list_ids": [],
                "protocol": "-1",
                "security_groups": [],
                "self": false,
                "to_port": 0
              }
            ],
            "id": "sg-0346eddfe3bb69ed7",
            "ingress": [
              {
                "cidr_blocks": [
                  "0.0.0.0/0"
                ],
                "description": "TLS from VPC",
                "from_port": 443,
                "ipv6_cidr_blocks": [],
                "prefix_list_ids": [],
                "protocol": "tcp",
                "security_groups": [],
                "self": false,
                "to_port": 443
              },
              {
                "cidr_blocks": [
                  "10.0.0.0/16"
                ],
                "description": "TLS from VPC",
                "from_port": 9200,
                "ipv6_cidr_blocks": [],
                "prefix_list_ids": [],
                "protocol": "tcp",
                "security_groups": [],
                "self": false,
                "to_port": 9200
              }
            ],
            "name": "elrr_xapi_gw_sg",
            "name_prefix": "",
            "owner_id": "452917972716",
            "revoke_rules_on_delete": false,
            "tags": {
              "Name": "elrr_xapi_gw_sg"
            },
            "tags_all": {
              "Name": "elrr_xapi_gw_sg"
            },
            "timeouts": null,
            "vpc_id": "vpc-0d72acb56be0b214e"
          },
          "sensitive_attributes": [],
          "private": "eyJlMmJmYjczMC1lY2FhLTExZTYtOGY4OC0zNDM2M2JjN2M0YzAiOnsiY3JlYXRlIjo2MDAwMDAwMDAwMDAsImRlbGV0ZSI6OTAwMDAwMDAwMDAwfSwic2NoZW1hX3ZlcnNpb24iOiIxIn0=",
          "dependencies": [
            "aws_vpc.elrr_vpc"
          ]
        }
      ]
    },
    {
      "mode": "managed",
      "type": "aws_security_group",
      "name": "elrr_zookeeper_sg",
      "provider": "provider[\"registry.terraform.io/hashicorp/aws\"]",
      "instances": [
        {
          "schema_version": 1,
          "attributes": {
            "arn": "arn:aws:ec2:us-east-2:452917972716:security-group/sg-0d2c4b3e12e88c494",
            "description": "Allow kafka and zookeeper communication",
            "egress": [
              {
                "cidr_blocks": [
                  "0.0.0.0/0"
                ],
                "description": "",
                "from_port": 0,
                "ipv6_cidr_blocks": [],
                "prefix_list_ids": [],
                "protocol": "-1",
                "security_groups": [],
                "self": false,
                "to_port": 0
              }
            ],
            "id": "sg-0d2c4b3e12e88c494",
            "ingress": [
              {
                "cidr_blocks": [
                  "10.0.0.0/16"
                ],
                "description": "TLS from VPC",
                "from_port": 2181,
                "ipv6_cidr_blocks": [],
                "prefix_list_ids": [],
                "protocol": "tcp",
                "security_groups": [],
                "self": false,
                "to_port": 2181
              },
              {
                "cidr_blocks": [
                  "10.0.0.0/16"
                ],
                "description": "TLS from VPC",
                "from_port": 2888,
                "ipv6_cidr_blocks": [],
                "prefix_list_ids": [],
                "protocol": "tcp",
                "security_groups": [],
                "self": false,
                "to_port": 2888
              },
              {
                "cidr_blocks": [
                  "10.0.0.0/16"
                ],
                "description": "TLS from VPC",
                "from_port": 9092,
                "ipv6_cidr_blocks": [],
                "prefix_list_ids": [],
                "protocol": "tcp",
                "security_groups": [],
                "self": false,
                "to_port": 9092
              }
            ],
            "name": "elrr_zookeeper_sg",
            "name_prefix": "",
            "owner_id": "452917972716",
            "revoke_rules_on_delete": false,
            "tags": {
              "Name": "elrr_zookeeper_sg"
            },
            "tags_all": {
              "Name": "elrr_zookeeper_sg"
            },
            "timeouts": null,
            "vpc_id": "vpc-0d72acb56be0b214e"
          },
          "sensitive_attributes": [],
          "private": "eyJlMmJmYjczMC1lY2FhLTExZTYtOGY4OC0zNDM2M2JjN2M0YzAiOnsiY3JlYXRlIjo2MDAwMDAwMDAwMDAsImRlbGV0ZSI6OTAwMDAwMDAwMDAwfSwic2NoZW1hX3ZlcnNpb24iOiIxIn0=",
          "dependencies": [
            "aws_vpc.elrr_vpc"
          ]
        }
      ]
    },
    {
      "mode": "managed",
      "type": "aws_subnet",
      "name": "elrr_agent_subnet",
      "provider": "provider[\"registry.terraform.io/hashicorp/aws\"]",
      "instances": [
        {
          "schema_version": 1,
          "attributes": {
            "arn": "arn:aws:ec2:us-east-2:452917972716:subnet/subnet-098cba61572a2b63c",
            "assign_ipv6_address_on_creation": false,
            "availability_zone": "us-east-2b",
            "availability_zone_id": "use2-az2",
            "cidr_block": "10.0.24.0/24",
            "customer_owned_ipv4_pool": "",
            "id": "subnet-098cba61572a2b63c",
            "ipv6_cidr_block": "",
            "ipv6_cidr_block_association_id": "",
            "map_customer_owned_ip_on_launch": false,
            "map_public_ip_on_launch": false,
            "outpost_arn": "",
            "owner_id": "452917972716",
            "tags": {
              "Name": "elrr_agent_subnet"
            },
            "tags_all": {
              "Name": "elrr_agent_subnet"
            },
            "timeouts": null,
            "vpc_id": "vpc-0d72acb56be0b214e"
          },
          "sensitive_attributes": [],
          "private": "eyJlMmJmYjczMC1lY2FhLTExZTYtOGY4OC0zNDM2M2JjN2M0YzAiOnsiY3JlYXRlIjo2MDAwMDAwMDAwMDAsImRlbGV0ZSI6MTIwMDAwMDAwMDAwMH0sInNjaGVtYV92ZXJzaW9uIjoiMSJ9",
          "dependencies": [
            "aws_vpc.elrr_vpc",
            "data.aws_availability_zones.elrr-azs"
          ]
        }
      ]
    },
    {
      "mode": "managed",
      "type": "aws_subnet",
      "name": "elrr_auth_subnet",
      "provider": "provider[\"registry.terraform.io/hashicorp/aws\"]",
      "instances": [
        {
          "schema_version": 1,
          "attributes": {
            "arn": "arn:aws:ec2:us-east-2:452917972716:subnet/subnet-0f586a73d7c3dabb9",
            "assign_ipv6_address_on_creation": false,
            "availability_zone": "us-east-2b",
            "availability_zone_id": "use2-az2",
            "cidr_block": "10.0.12.0/24",
            "customer_owned_ipv4_pool": "",
            "id": "subnet-0f586a73d7c3dabb9",
            "ipv6_cidr_block": "",
            "ipv6_cidr_block_association_id": "",
            "map_customer_owned_ip_on_launch": false,
            "map_public_ip_on_launch": false,
            "outpost_arn": "",
            "owner_id": "452917972716",
            "tags": {
              "Name": "elrr_auth_subnet"
            },
            "tags_all": {
              "Name": "elrr_auth_subnet"
            },
            "timeouts": null,
            "vpc_id": "vpc-0d72acb56be0b214e"
          },
          "sensitive_attributes": [],
          "private": "eyJlMmJmYjczMC1lY2FhLTExZTYtOGY4OC0zNDM2M2JjN2M0YzAiOnsiY3JlYXRlIjo2MDAwMDAwMDAwMDAsImRlbGV0ZSI6MTIwMDAwMDAwMDAwMH0sInNjaGVtYV92ZXJzaW9uIjoiMSJ9",
          "dependencies": [
            "aws_vpc.elrr_vpc",
            "data.aws_availability_zones.elrr-azs"
          ]
        }
      ]
    },
    {
      "mode": "managed",
      "type": "aws_subnet",
      "name": "elrr_datasim_subnet",
      "provider": "provider[\"registry.terraform.io/hashicorp/aws\"]",
      "instances": [
        {
          "schema_version": 1,
          "attributes": {
            "arn": "arn:aws:ec2:us-east-2:452917972716:subnet/subnet-05110c023ed4324a9",
            "assign_ipv6_address_on_creation": false,
            "availability_zone": "us-east-2b",
            "availability_zone_id": "use2-az2",
            "cidr_block": "10.0.28.0/24",
            "customer_owned_ipv4_pool": "",
            "id": "subnet-05110c023ed4324a9",
            "ipv6_cidr_block": "",
            "ipv6_cidr_block_association_id": "",
            "map_customer_owned_ip_on_launch": false,
            "map_public_ip_on_launch": false,
            "outpost_arn": "",
            "owner_id": "452917972716",
            "tags": {
              "Name": "elrr_datasim_subnet"
            },
            "tags_all": {
              "Name": "elrr_datasim_subnet"
            },
            "timeouts": null,
            "vpc_id": "vpc-0d72acb56be0b214e"
          },
          "sensitive_attributes": [],
          "private": "eyJlMmJmYjczMC1lY2FhLTExZTYtOGY4OC0zNDM2M2JjN2M0YzAiOnsiY3JlYXRlIjo2MDAwMDAwMDAwMDAsImRlbGV0ZSI6MTIwMDAwMDAwMDAwMH0sInNjaGVtYV92ZXJzaW9uIjoiMSJ9",
          "dependencies": [
            "aws_vpc.elrr_vpc",
            "data.aws_availability_zones.elrr-azs"
          ]
        }
      ]
    },
    {
      "mode": "managed",
      "type": "aws_subnet",
      "name": "elrr_kafka_subnet",
      "provider": "provider[\"registry.terraform.io/hashicorp/aws\"]",
      "instances": [
        {
          "schema_version": 1,
          "attributes": {
            "arn": "arn:aws:ec2:us-east-2:452917972716:subnet/subnet-085cecf3e49bd5d37",
            "assign_ipv6_address_on_creation": false,
            "availability_zone": "us-east-2b",
            "availability_zone_id": "use2-az2",
            "cidr_block": "10.0.20.0/24",
            "customer_owned_ipv4_pool": "",
            "id": "subnet-085cecf3e49bd5d37",
            "ipv6_cidr_block": "",
            "ipv6_cidr_block_association_id": "",
            "map_customer_owned_ip_on_launch": false,
            "map_public_ip_on_launch": false,
            "outpost_arn": "",
            "owner_id": "452917972716",
            "tags": {
              "Name": "elrr_kafka_subnet"
            },
            "tags_all": {
              "Name": "elrr_kafka_subnet"
            },
            "timeouts": null,
            "vpc_id": "vpc-0d72acb56be0b214e"
          },
          "sensitive_attributes": [],
          "private": "eyJlMmJmYjczMC1lY2FhLTExZTYtOGY4OC0zNDM2M2JjN2M0YzAiOnsiY3JlYXRlIjo2MDAwMDAwMDAwMDAsImRlbGV0ZSI6MTIwMDAwMDAwMDAwMH0sInNjaGVtYV92ZXJzaW9uIjoiMSJ9",
          "dependencies": [
            "aws_vpc.elrr_vpc",
            "data.aws_availability_zones.elrr-azs"
          ]
        }
      ]
    },
    {
      "mode": "managed",
      "type": "aws_subnet",
      "name": "elrr_local_staging_subnet",
      "provider": "provider[\"registry.terraform.io/hashicorp/aws\"]",
      "instances": [
        {
          "schema_version": 1,
          "attributes": {
            "arn": "arn:aws:ec2:us-east-2:452917972716:subnet/subnet-0d6c2d5b29033d1c8",
            "assign_ipv6_address_on_creation": false,
            "availability_zone": "us-east-2b",
            "availability_zone_id": "use2-az2",
            "cidr_block": "10.0.2.0/24",
            "customer_owned_ipv4_pool": "",
            "id": "subnet-0d6c2d5b29033d1c8",
            "ipv6_cidr_block": "",
            "ipv6_cidr_block_association_id": "",
            "map_customer_owned_ip_on_launch": false,
            "map_public_ip_on_launch": false,
            "outpost_arn": "",
            "owner_id": "452917972716",
            "tags": {
              "Name": "elrr_local_staging_subnet"
            },
            "tags_all": {
              "Name": "elrr_local_staging_subnet"
            },
            "timeouts": null,
            "vpc_id": "vpc-0d72acb56be0b214e"
          },
          "sensitive_attributes": [],
          "private": "eyJlMmJmYjczMC1lY2FhLTExZTYtOGY4OC0zNDM2M2JjN2M0YzAiOnsiY3JlYXRlIjo2MDAwMDAwMDAwMDAsImRlbGV0ZSI6MTIwMDAwMDAwMDAwMH0sInNjaGVtYV92ZXJzaW9uIjoiMSJ9",
          "dependencies": [
            "aws_vpc.elrr_vpc",
            "data.aws_availability_zones.elrr-azs"
          ]
        }
      ]
    },
    {
      "mode": "managed",
      "type": "aws_subnet",
      "name": "elrr_portal_subnet",
      "provider": "provider[\"registry.terraform.io/hashicorp/aws\"]",
      "instances": [
        {
          "schema_version": 1,
          "attributes": {
            "arn": "arn:aws:ec2:us-east-2:452917972716:subnet/subnet-0a1b91967c4b60385",
            "assign_ipv6_address_on_creation": false,
            "availability_zone": "us-east-2b",
            "availability_zone_id": "use2-az2",
            "cidr_block": "10.0.16.0/24",
            "customer_owned_ipv4_pool": "",
            "id": "subnet-0a1b91967c4b60385",
            "ipv6_cidr_block": "",
            "ipv6_cidr_block_association_id": "",
            "map_customer_owned_ip_on_launch": false,
            "map_public_ip_on_launch": false,
            "outpost_arn": "",
            "owner_id": "452917972716",
            "tags": {
              "Name": "elrr_portal_subnet"
            },
            "tags_all": {
              "Name": "elrr_portal_subnet"
            },
            "timeouts": null,
            "vpc_id": "vpc-0d72acb56be0b214e"
          },
          "sensitive_attributes": [],
          "private": "eyJlMmJmYjczMC1lY2FhLTExZTYtOGY4OC0zNDM2M2JjN2M0YzAiOnsiY3JlYXRlIjo2MDAwMDAwMDAwMDAsImRlbGV0ZSI6MTIwMDAwMDAwMDAwMH0sInNjaGVtYV92ZXJzaW9uIjoiMSJ9",
          "dependencies": [
            "aws_vpc.elrr_vpc",
            "data.aws_availability_zones.elrr-azs"
          ]
        }
      ]
    },
    {
      "mode": "managed",
      "type": "aws_subnet",
      "name": "elrr_storage_subnet",
      "provider": "provider[\"registry.terraform.io/hashicorp/aws\"]",
      "instances": [
        {
          "schema_version": 1,
          "attributes": {
            "arn": "arn:aws:ec2:us-east-2:452917972716:subnet/subnet-02ed50230504e4cc5",
            "assign_ipv6_address_on_creation": false,
            "availability_zone": "us-east-2b",
            "availability_zone_id": "use2-az2",
            "cidr_block": "10.0.8.0/24",
            "customer_owned_ipv4_pool": "",
            "id": "subnet-02ed50230504e4cc5",
            "ipv6_cidr_block": "",
            "ipv6_cidr_block_association_id": "",
            "map_customer_owned_ip_on_launch": false,
            "map_public_ip_on_launch": false,
            "outpost_arn": "",
            "owner_id": "452917972716",
            "tags": {
              "Name": "elrr_storage_subnet"
            },
            "tags_all": {
              "Name": "elrr_storage_subnet"
            },
            "timeouts": null,
            "vpc_id": "vpc-0d72acb56be0b214e"
          },
          "sensitive_attributes": [],
          "private": "eyJlMmJmYjczMC1lY2FhLTExZTYtOGY4OC0zNDM2M2JjN2M0YzAiOnsiY3JlYXRlIjo2MDAwMDAwMDAwMDAsImRlbGV0ZSI6MTIwMDAwMDAwMDAwMH0sInNjaGVtYV92ZXJzaW9uIjoiMSJ9",
          "dependencies": [
            "aws_vpc.elrr_vpc",
            "data.aws_availability_zones.elrr-azs"
          ]
        }
      ]
    },
    {
      "mode": "managed",
      "type": "aws_subnet",
      "name": "elrr_xapi_gateway_subnet",
      "provider": "provider[\"registry.terraform.io/hashicorp/aws\"]",
      "instances": [
        {
          "schema_version": 1,
          "attributes": {
            "arn": "arn:aws:ec2:us-east-2:452917972716:subnet/subnet-0d5df2896cab633d6",
            "assign_ipv6_address_on_creation": false,
            "availability_zone": "us-east-2a",
            "availability_zone_id": "use2-az1",
            "cidr_block": "10.0.6.0/24",
            "customer_owned_ipv4_pool": "",
            "id": "subnet-0d5df2896cab633d6",
            "ipv6_cidr_block": "",
            "ipv6_cidr_block_association_id": "",
            "map_customer_owned_ip_on_launch": false,
            "map_public_ip_on_launch": false,
            "outpost_arn": "",
            "owner_id": "452917972716",
            "tags": {
              "Name": "elrr_xapi_gateway_subnet"
            },
            "tags_all": {
              "Name": "elrr_xapi_gateway_subnet"
            },
            "timeouts": null,
            "vpc_id": "vpc-0d72acb56be0b214e"
          },
          "sensitive_attributes": [],
          "private": "eyJlMmJmYjczMC1lY2FhLTExZTYtOGY4OC0zNDM2M2JjN2M0YzAiOnsiY3JlYXRlIjo2MDAwMDAwMDAwMDAsImRlbGV0ZSI6MTIwMDAwMDAwMDAwMH0sInNjaGVtYV92ZXJzaW9uIjoiMSJ9",
          "dependencies": [
            "aws_vpc.elrr_vpc",
            "data.aws_availability_zones.elrr-azs"
          ]
        }
      ]
    },
    {
      "mode": "managed",
      "type": "aws_vpc",
      "name": "elrr_vpc",
      "provider": "provider[\"registry.terraform.io/hashicorp/aws\"]",
      "instances": [
        {
          "schema_version": 1,
          "attributes": {
            "arn": "arn:aws:ec2:us-east-2:452917972716:vpc/vpc-0d72acb56be0b214e",
            "assign_generated_ipv6_cidr_block": false,
            "cidr_block": "10.0.0.0/16",
            "default_network_acl_id": "acl-077cc000f88ae25c3",
            "default_route_table_id": "rtb-09daa330975bbf251",
            "default_security_group_id": "sg-0c3edaca6b9eabb91",
            "dhcp_options_id": "dopt-29b9c642",
            "enable_classiclink": null,
            "enable_classiclink_dns_support": null,
            "enable_dns_hostnames": true,
            "enable_dns_support": true,
            "id": "vpc-0d72acb56be0b214e",
            "instance_tenancy": "default",
            "ipv6_association_id": "",
            "ipv6_cidr_block": "",
            "main_route_table_id": "rtb-09daa330975bbf251",
            "owner_id": "452917972716",
            "tags": {
              "Name": "elrr_vpc"
            },
            "tags_all": {
              "Name": "elrr_vpc"
            }
          },
          "sensitive_attributes": [],
          "private": "eyJzY2hlbWFfdmVyc2lvbiI6IjEifQ=="
        }
      ]
    }
  ]
}
